# This file is generated by running "yarn install" inside your project.
# Manual changes might be lost - proceed with caution!

__metadata:
  version: 6
  cacheKey: 8

"@next/env@npm:13.2.4":
  version: 13.2.4
  resolution: "@next/env@npm:13.2.4"
  checksum: 4123e08a79e66d6144006972027a9ceb8f3fdd782c4a869df1eb3b91b59ad9f4a44082d3f8e421f4df5214c6bc7190b52b94881369452d65eb4580485f33b9e6
  languageName: node
  linkType: hard

"@next/swc-android-arm-eabi@npm:13.2.4":
  version: 13.2.4
  resolution: "@next/swc-android-arm-eabi@npm:13.2.4"
  conditions: os=android & cpu=arm
  languageName: node
  linkType: hard

"@next/swc-android-arm64@npm:13.2.4":
  version: 13.2.4
  resolution: "@next/swc-android-arm64@npm:13.2.4"
  conditions: os=android & cpu=arm64
  languageName: node
  linkType: hard

"@next/swc-darwin-arm64@npm:13.2.4":
  version: 13.2.4
  resolution: "@next/swc-darwin-arm64@npm:13.2.4"
  conditions: os=darwin & cpu=arm64
  languageName: node
  linkType: hard

"@next/swc-darwin-x64@npm:13.2.4":
  version: 13.2.4
  resolution: "@next/swc-darwin-x64@npm:13.2.4"
  conditions: os=darwin & cpu=x64
  languageName: node
  linkType: hard

"@next/swc-freebsd-x64@npm:13.2.4":
  version: 13.2.4
  resolution: "@next/swc-freebsd-x64@npm:13.2.4"
  conditions: os=freebsd & cpu=x64
  languageName: node
  linkType: hard

"@next/swc-linux-arm-gnueabihf@npm:13.2.4":
  version: 13.2.4
  resolution: "@next/swc-linux-arm-gnueabihf@npm:13.2.4"
  conditions: os=linux & cpu=arm
  languageName: node
  linkType: hard

"@next/swc-linux-arm64-gnu@npm:13.2.4":
  version: 13.2.4
  resolution: "@next/swc-linux-arm64-gnu@npm:13.2.4"
  conditions: os=linux & cpu=arm64 & libc=glibc
  languageName: node
  linkType: hard

"@next/swc-linux-arm64-musl@npm:13.2.4":
  version: 13.2.4
  resolution: "@next/swc-linux-arm64-musl@npm:13.2.4"
  conditions: os=linux & cpu=arm64 & libc=musl
  languageName: node
  linkType: hard

"@next/swc-linux-x64-gnu@npm:13.2.4":
  version: 13.2.4
  resolution: "@next/swc-linux-x64-gnu@npm:13.2.4"
  conditions: os=linux & cpu=x64 & libc=glibc
  languageName: node
  linkType: hard

"@next/swc-linux-x64-musl@npm:13.2.4":
  version: 13.2.4
  resolution: "@next/swc-linux-x64-musl@npm:13.2.4"
  conditions: os=linux & cpu=x64 & libc=musl
  languageName: node
  linkType: hard

"@next/swc-win32-arm64-msvc@npm:13.2.4":
  version: 13.2.4
  resolution: "@next/swc-win32-arm64-msvc@npm:13.2.4"
  conditions: os=win32 & cpu=arm64
  languageName: node
  linkType: hard

"@next/swc-win32-ia32-msvc@npm:13.2.4":
  version: 13.2.4
  resolution: "@next/swc-win32-ia32-msvc@npm:13.2.4"
  conditions: os=win32 & cpu=ia32
  languageName: node
  linkType: hard

"@next/swc-win32-x64-msvc@npm:13.2.4":
  version: 13.2.4
  resolution: "@next/swc-win32-x64-msvc@npm:13.2.4"
  conditions: os=win32 & cpu=x64
  languageName: node
  linkType: hard

"@react-spring/animated@npm:0.0.0-d80cafe1f0ccd7ce193b8f558285515ede3b8afc-20230625160448":
  version: 0.0.0-d80cafe1f0ccd7ce193b8f558285515ede3b8afc-20230625160448
  resolution: "@react-spring/animated@npm:0.0.0-d80cafe1f0ccd7ce193b8f558285515ede3b8afc-20230625160448"
  dependencies:
    "@react-spring/shared": 0.0.0-d80cafe1f0ccd7ce193b8f558285515ede3b8afc-20230625160448
    "@react-spring/types": 0.0.0-d80cafe1f0ccd7ce193b8f558285515ede3b8afc-20230625160448
  peerDependencies:
    react: ^16.8.0 || ^17.0.0 || ^18.0.0
  checksum: 356ce514d1c909fe579343469814a652e1ef46cef9429dbaddac9a9635bdb24890107d9334b04c4499d5868913b1081238d3f3b4303e34a7924f8ce0288144d2
  languageName: node
  linkType: hard

"@react-spring/core@npm:0.0.0-d80cafe1f0ccd7ce193b8f558285515ede3b8afc-20230625160448":
  version: 0.0.0-d80cafe1f0ccd7ce193b8f558285515ede3b8afc-20230625160448
  resolution: "@react-spring/core@npm:0.0.0-d80cafe1f0ccd7ce193b8f558285515ede3b8afc-20230625160448"
  dependencies:
    "@react-spring/animated": 0.0.0-d80cafe1f0ccd7ce193b8f558285515ede3b8afc-20230625160448
    "@react-spring/shared": 0.0.0-d80cafe1f0ccd7ce193b8f558285515ede3b8afc-20230625160448
    "@react-spring/types": 0.0.0-d80cafe1f0ccd7ce193b8f558285515ede3b8afc-20230625160448
  peerDependencies:
    react: ^16.8.0 || ^17.0.0 || ^18.0.0
  checksum: 27c9c5aac32c12e364379712e66a9d3a0640530317cddaf9a43cd1d31079d0849322d962d4460432ff52afeeb10059eafb0c08c16a17a00218b9e7328bd15656
  languageName: node
  linkType: hard

"@react-spring/shared@npm:0.0.0-d80cafe1f0ccd7ce193b8f558285515ede3b8afc-20230625160448":
  version: 0.0.0-d80cafe1f0ccd7ce193b8f558285515ede3b8afc-20230625160448
  resolution: "@react-spring/shared@npm:0.0.0-d80cafe1f0ccd7ce193b8f558285515ede3b8afc-20230625160448"
  dependencies:
    "@react-spring/types": 0.0.0-d80cafe1f0ccd7ce193b8f558285515ede3b8afc-20230625160448
  peerDependencies:
    react: ^16.8.0 || ^17.0.0 || ^18.0.0
  checksum: 7677ccac0efa8a31c99c74ddfabc42d1366a78408dd4d2222d15595bf524adcfefad6034d847f7bc90ca462cbae0ee093a140782e11fb38b34a6d44c6eee1255
  languageName: node
  linkType: hard

"@react-spring/types@npm:0.0.0-d80cafe1f0ccd7ce193b8f558285515ede3b8afc-20230625160448":
  version: 0.0.0-d80cafe1f0ccd7ce193b8f558285515ede3b8afc-20230625160448
  resolution: "@react-spring/types@npm:0.0.0-d80cafe1f0ccd7ce193b8f558285515ede3b8afc-20230625160448"
  checksum: ffcb60a5cbe209157a7c7c169624a43bf7717c0ae4fb286cd9b8a86efcd1c9c3c5b392bb403ad3cc2165b343cca71185158cd8108139080828aa8bdd5c587dff
  languageName: node
  linkType: hard

"@react-spring/web@npm:0.0.0-d80cafe1f0ccd7ce193b8f558285515ede3b8afc-20230625160448":
  version: 0.0.0-d80cafe1f0ccd7ce193b8f558285515ede3b8afc-20230625160448
  resolution: "@react-spring/web@npm:0.0.0-d80cafe1f0ccd7ce193b8f558285515ede3b8afc-20230625160448"
  dependencies:
    "@react-spring/animated": 0.0.0-d80cafe1f0ccd7ce193b8f558285515ede3b8afc-20230625160448
    "@react-spring/core": 0.0.0-d80cafe1f0ccd7ce193b8f558285515ede3b8afc-20230625160448
    "@react-spring/shared": 0.0.0-d80cafe1f0ccd7ce193b8f558285515ede3b8afc-20230625160448
    "@react-spring/types": 0.0.0-d80cafe1f0ccd7ce193b8f558285515ede3b8afc-20230625160448
  peerDependencies:
    react: ^16.8.0 || ^17.0.0 || ^18.0.0
    react-dom: ^16.8.0 || ^17.0.0 || ^18.0.0
  checksum: 640625a353a334a710476a7f50e481e69c274b687a23e83bb22846460785bc3a606a5d9b93545aa985241c6c03e0c86bf060222ee24d39979c3a3540742b6006
  languageName: node
  linkType: hard

"@swc/helpers@npm:0.4.14":
  version: 0.4.14
  resolution: "@swc/helpers@npm:0.4.14"
  dependencies:
    tslib: ^2.4.0
  checksum: 273fd3f3fc461a92f3790cc551ea054745c6d6959afbe1232e6d7aa1c722bbc114d308aab96bef5c78fc0303c85c7b472ef00e2253251cc89737f3b1af56e5a5
  languageName: node
  linkType: hard

"@types/node@npm:^20.10.4":
  version: 20.10.4
  resolution: "@types/node@npm:20.10.4"
  dependencies:
    undici-types: ~5.26.4
  checksum: 054b296417e771ab524bea63cf3289559c6bdf290d45428f7cc68e9b00030ff7a0ece47b8c99a26b4f47a443919813bcf42beadff2f0bea7d8125fa541d92eb0
  languageName: node
  linkType: hard

"@types/prop-types@npm:*":
  version: 15.7.5
  resolution: "@types/prop-types@npm:15.7.5"
  checksum: 5b43b8b15415e1f298243165f1d44390403bb2bd42e662bca3b5b5633fdd39c938e91b7fce3a9483699db0f7a715d08cef220c121f723a634972fdf596aec980
  languageName: node
  linkType: hard

"@types/react-dom@npm:^18.0.10":
  version: 18.0.11
  resolution: "@types/react-dom@npm:18.0.11"
  dependencies:
    "@types/react": "*"
  checksum: 579691e4d5ec09688087568037c35edf8cfb1ab3e07f6c60029280733ee7b5c06d66df6fcc90786702c93ac8cb13bc7ff16c79ddfc75d082938fbaa36e1cdbf4
  languageName: node
  linkType: hard

"@types/react@npm:*, @types/react@npm:^18.0.26":
  version: 18.0.28
  resolution: "@types/react@npm:18.0.28"
  dependencies:
    "@types/prop-types": "*"
    "@types/scheduler": "*"
    csstype: ^3.0.2
  checksum: e752df961105e5127652460504785897ca6e77259e0da8f233f694f9e8f451cde7fa0709d4456ade0ff600c8ce909cfe29f9b08b9c247fa9b734e126ec53edd7
  languageName: node
  linkType: hard

"@types/scheduler@npm:*":
  version: 0.16.2
  resolution: "@types/scheduler@npm:0.16.2"
  checksum: b6b4dcfeae6deba2e06a70941860fb1435730576d3689225a421280b7742318d1548b3d22c1f66ab68e414f346a9542f29240bc955b6332c5b11e561077583bc
  languageName: node
  linkType: hard

"caniuse-lite@npm:^1.0.30001406":
  version: 1.0.30001464
  resolution: "caniuse-lite@npm:1.0.30001464"
  checksum: 67cdee102c1660d62d7b9dbd4740bb7af096236618f2509fd2e0039d50db5f02fb87c21d90b6d573fdcf50deaf3c84503d009e871502b5c221d0ba1dec18ba11
  languageName: node
  linkType: hard

"client-only@npm:0.0.1":
  version: 0.0.1
  resolution: "client-only@npm:0.0.1"
  checksum: 0c16bf660dadb90610553c1d8946a7fdfb81d624adea073b8440b7d795d5b5b08beb3c950c6a2cf16279365a3265158a236876d92bce16423c485c322d7dfaf8
  languageName: node
  linkType: hard

"csstype@npm:^3.0.2":
  version: 3.1.1
  resolution: "csstype@npm:3.1.1"
  checksum: 1f7b4f5fdd955b7444b18ebdddf3f5c699159f13e9cf8ac9027ae4a60ae226aef9bbb14a6e12ca7dba3358b007cee6354b116e720262867c398de6c955ea451d
  languageName: node
  linkType: hard

"js-tokens@npm:^3.0.0 || ^4.0.0":
  version: 4.0.0
  resolution: "js-tokens@npm:4.0.0"
  checksum: 8a95213a5a77deb6cbe94d86340e8d9ace2b93bc367790b260101d2f36a2eaf4e4e22d9fa9cf459b38af3a32fb4190e638024cf82ec95ef708680e405ea7cc78
  languageName: node
  linkType: hard

"loose-envify@npm:^1.1.0":
  version: 1.4.0
  resolution: "loose-envify@npm:1.4.0"
  dependencies:
    js-tokens: ^3.0.0 || ^4.0.0
  bin:
    loose-envify: cli.js
  checksum: 6517e24e0cad87ec9888f500c5b5947032cdfe6ef65e1c1936a0c48a524b81e65542c9c3edc91c97d5bddc806ee2a985dbc79be89215d613b1de5db6d1cfe6f4
  languageName: node
  linkType: hard

"nanoid@npm:^3.3.4":
  version: 3.3.4
  resolution: "nanoid@npm:3.3.4"
  bin:
    nanoid: bin/nanoid.cjs
  checksum: 2fddd6dee994b7676f008d3ffa4ab16035a754f4bb586c61df5a22cf8c8c94017aadd360368f47d653829e0569a92b129979152ff97af23a558331e47e37cd9c
  languageName: node
  linkType: hard

"next@npm:^13.2":
  version: 13.2.4
  resolution: "next@npm:13.2.4"
  dependencies:
    "@next/env": 13.2.4
    "@next/swc-android-arm-eabi": 13.2.4
    "@next/swc-android-arm64": 13.2.4
    "@next/swc-darwin-arm64": 13.2.4
    "@next/swc-darwin-x64": 13.2.4
    "@next/swc-freebsd-x64": 13.2.4
    "@next/swc-linux-arm-gnueabihf": 13.2.4
    "@next/swc-linux-arm64-gnu": 13.2.4
    "@next/swc-linux-arm64-musl": 13.2.4
    "@next/swc-linux-x64-gnu": 13.2.4
    "@next/swc-linux-x64-musl": 13.2.4
    "@next/swc-win32-arm64-msvc": 13.2.4
    "@next/swc-win32-ia32-msvc": 13.2.4
    "@next/swc-win32-x64-msvc": 13.2.4
    "@swc/helpers": 0.4.14
    caniuse-lite: ^1.0.30001406
    postcss: 8.4.14
    styled-jsx: 5.1.1
  peerDependencies:
    "@opentelemetry/api": ^1.4.0
    fibers: ">= 3.1.0"
    node-sass: ^6.0.0 || ^7.0.0
    react: ^18.2.0
    react-dom: ^18.2.0
    sass: ^1.3.0
  dependenciesMeta:
    "@next/swc-android-arm-eabi":
      optional: true
    "@next/swc-android-arm64":
      optional: true
    "@next/swc-darwin-arm64":
      optional: true
    "@next/swc-darwin-x64":
      optional: true
    "@next/swc-freebsd-x64":
      optional: true
    "@next/swc-linux-arm-gnueabihf":
      optional: true
    "@next/swc-linux-arm64-gnu":
      optional: true
    "@next/swc-linux-arm64-musl":
      optional: true
    "@next/swc-linux-x64-gnu":
      optional: true
    "@next/swc-linux-x64-musl":
      optional: true
    "@next/swc-win32-arm64-msvc":
      optional: true
    "@next/swc-win32-ia32-msvc":
      optional: true
    "@next/swc-win32-x64-msvc":
      optional: true
  peerDependenciesMeta:
    "@opentelemetry/api":
      optional: true
    fibers:
      optional: true
    node-sass:
      optional: true
    sass:
      optional: true
  bin:
    next: dist/bin/next
  checksum: 8531dee41b60181b582f5ee80858907b102f083ef8808ff9352d589dd39e6b3a96f7a11b3776a03eef3a28430cff768336fa2e3ff2c6f8fcd699fbc891749051
  languageName: node
  linkType: hard

"picocolors@npm:^1.0.0":
  version: 1.0.0
  resolution: "picocolors@npm:1.0.0"
  checksum: a2e8092dd86c8396bdba9f2b5481032848525b3dc295ce9b57896f931e63fc16f79805144321f72976383fc249584672a75cc18d6777c6b757603f372f745981
  languageName: node
  linkType: hard

"postcss@npm:8.4.14":
  version: 8.4.14
  resolution: "postcss@npm:8.4.14"
  dependencies:
    nanoid: ^3.3.4
    picocolors: ^1.0.0
    source-map-js: ^1.0.2
  checksum: fe58766ff32e4becf65a7d57678995cfd239df6deed2fe0557f038b47c94e4132e7e5f68b5aa820c13adfec32e523b693efaeb65798efb995ce49ccd83953816
  languageName: node
  linkType: hard

"prettier@npm:^3.1.1":
  version: 3.1.1
  resolution: "prettier@npm:3.1.1"
  bin:
    prettier: bin/prettier.cjs
  checksum: e386855e3a1af86a748e16953f168be555ce66d6233f4ba54eb6449b88eb0c6b2ca79441b11eae6d28a7f9a5c96440ce50864b9d5f6356d331d39d6bb66c648e
  languageName: node
  linkType: hard

"react-dom@npm:^18.2.0":
  version: 18.2.0
  resolution: "react-dom@npm:18.2.0"
  dependencies:
    loose-envify: ^1.1.0
    scheduler: ^0.23.0
  peerDependencies:
    react: ^18.2.0
  checksum: 7d323310bea3a91be2965f9468d552f201b1c27891e45ddc2d6b8f717680c95a75ae0bc1e3f5cf41472446a2589a75aed4483aee8169287909fcd59ad149e8cc
  languageName: node
  linkType: hard

"react@npm:^18.2.0":
  version: 18.2.0
  resolution: "react@npm:18.2.0"
  dependencies:
    loose-envify: ^1.1.0
  checksum: 88e38092da8839b830cda6feef2e8505dec8ace60579e46aa5490fc3dc9bba0bd50336507dc166f43e3afc1c42939c09fe33b25fae889d6f402721dcd78fca1b
  languageName: node
  linkType: hard

"root-workspace-0b6124@workspace:.":
  version: 0.0.0-use.local
  resolution: "root-workspace-0b6124@workspace:."
  dependencies:
    "@react-spring/web": 0.0.0-d80cafe1f0ccd7ce193b8f558285515ede3b8afc-20230625160448
    "@types/node": ^20.10.4
    "@types/react": ^18.0.26
    "@types/react-dom": ^18.0.10
    next: ^13.2
    prettier: ^3.1.1
    react: ^18.2.0
    react-dom: ^18.2.0
    typescript: ^4.9.4
  languageName: unknown
  linkType: soft

"scheduler@npm:^0.23.0":
  version: 0.23.0
  resolution: "scheduler@npm:0.23.0"
  dependencies:
    loose-envify: ^1.1.0
  checksum: d79192eeaa12abef860c195ea45d37cbf2bbf5f66e3c4dcd16f54a7da53b17788a70d109ee3d3dde1a0fd50e6a8fc171f4300356c5aee4fc0171de526bf35f8a
  languageName: node
  linkType: hard

"source-map-js@npm:^1.0.2":
  version: 1.0.2
  resolution: "source-map-js@npm:1.0.2"
  checksum: c049a7fc4deb9a7e9b481ae3d424cc793cb4845daa690bc5a05d428bf41bf231ced49b4cf0c9e77f9d42fdb3d20d6187619fc586605f5eabe995a316da8d377c
  languageName: node
  linkType: hard

"styled-jsx@npm:5.1.1":
  version: 5.1.1
  resolution: "styled-jsx@npm:5.1.1"
  dependencies:
    client-only: 0.0.1
  peerDependencies:
    react: ">= 16.8.0 || 17.x.x || ^18.0.0-0"
  peerDependenciesMeta:
    "@babel/core":
      optional: true
    babel-plugin-macros:
      optional: true
  checksum: 523a33b38603492547e861b98e29c873939b04e15fbe5ef16132c6f1e15958126647983c7d4675325038b428a5e91183d996e90141b18bdd1bbadf6e2c45b2fa
  languageName: node
  linkType: hard

"tslib@npm:^2.4.0":
  version: 2.5.0
  resolution: "tslib@npm:2.5.0"
  checksum: ae3ed5f9ce29932d049908ebfdf21b3a003a85653a9a140d614da6b767a93ef94f460e52c3d787f0e4f383546981713f165037dc2274df212ea9f8a4541004e1
  languageName: node
  linkType: hard

"typescript@npm:^4.9.4":
  version: 4.9.5
  resolution: "typescript@npm:4.9.5"
  bin:
    tsc: bin/tsc
    tsserver: bin/tsserver
  checksum: ee000bc26848147ad423b581bd250075662a354d84f0e06eb76d3b892328d8d4440b7487b5a83e851b12b255f55d71835b008a66cbf8f255a11e4400159237db
  languageName: node
  linkType: hard

"typescript@patch:typescript@^4.9.4#~builtin<compat/typescript>":
  version: 4.9.5
  resolution: "typescript@patch:typescript@npm%3A4.9.5#~builtin<compat/typescript>::version=4.9.5&hash=23ec76"
  bin:
    tsc: bin/tsc
    tsserver: bin/tsserver
  checksum: ab417a2f398380c90a6cf5a5f74badd17866adf57f1165617d6a551f059c3ba0a3e4da0d147b3ac5681db9ac76a303c5876394b13b3de75fdd5b1eaa06181c9d
  languageName: node
  linkType: hard

"undici-types@npm:~5.26.4":
  version: 5.26.5
  resolution: "undici-types@npm:5.26.5"
  checksum: 3192ef6f3fd5df652f2dc1cd782b49d6ff14dc98e5dced492aa8a8c65425227da5da6aafe22523c67f035a272c599bb89cfe803c1db6311e44bed3042fc25487
  languageName: node
  linkType: hard
