# This file is generated by running "yarn install" inside your project.
# Manual changes might be lost - proceed with caution!

__metadata:
  version: 6
  cacheKey: 8

"@next/env@npm:13.5.6":
  version: 13.5.6
  resolution: "@next/env@npm:13.5.6"
  checksum: 5e8f3f6f987a15dad3cd7b2bcac64a6382c2ec372d95d0ce6ab295eb59c9731222017eebf71ff3005932de2571f7543bce7e5c6a8c90030207fb819404138dc2
  languageName: node
  linkType: hard

"@next/swc-darwin-arm64@npm:13.5.6":
  version: 13.5.6
  resolution: "@next/swc-darwin-arm64@npm:13.5.6"
  conditions: os=darwin & cpu=arm64
  languageName: node
  linkType: hard

"@next/swc-darwin-x64@npm:13.5.6":
  version: 13.5.6
  resolution: "@next/swc-darwin-x64@npm:13.5.6"
  conditions: os=darwin & cpu=x64
  languageName: node
  linkType: hard

"@next/swc-linux-arm64-gnu@npm:13.5.6":
  version: 13.5.6
  resolution: "@next/swc-linux-arm64-gnu@npm:13.5.6"
  conditions: os=linux & cpu=arm64 & libc=glibc
  languageName: node
  linkType: hard

"@next/swc-linux-arm64-musl@npm:13.5.6":
  version: 13.5.6
  resolution: "@next/swc-linux-arm64-musl@npm:13.5.6"
  conditions: os=linux & cpu=arm64 & libc=musl
  languageName: node
  linkType: hard

"@next/swc-linux-x64-gnu@npm:13.5.6":
  version: 13.5.6
  resolution: "@next/swc-linux-x64-gnu@npm:13.5.6"
  conditions: os=linux & cpu=x64 & libc=glibc
  languageName: node
  linkType: hard

"@next/swc-linux-x64-musl@npm:13.5.6":
  version: 13.5.6
  resolution: "@next/swc-linux-x64-musl@npm:13.5.6"
  conditions: os=linux & cpu=x64 & libc=musl
  languageName: node
  linkType: hard

"@next/swc-win32-arm64-msvc@npm:13.5.6":
  version: 13.5.6
  resolution: "@next/swc-win32-arm64-msvc@npm:13.5.6"
  conditions: os=win32 & cpu=arm64
  languageName: node
  linkType: hard

"@next/swc-win32-ia32-msvc@npm:13.5.6":
  version: 13.5.6
  resolution: "@next/swc-win32-ia32-msvc@npm:13.5.6"
  conditions: os=win32 & cpu=ia32
  languageName: node
  linkType: hard

"@next/swc-win32-x64-msvc@npm:13.5.6":
  version: 13.5.6
  resolution: "@next/swc-win32-x64-msvc@npm:13.5.6"
  conditions: os=win32 & cpu=x64
  languageName: node
  linkType: hard

"@react-spring/animated@npm:0.0.0-nightly-f50b673-20230330070501":
  version: 0.0.0-nightly-f50b673-20230330070501
  resolution: "@react-spring/animated@npm:0.0.0-nightly-f50b673-20230330070501"
  dependencies:
    "@react-spring/shared": 0.0.0-nightly-f50b673-20230330070501
    "@react-spring/types": 0.0.0-nightly-f50b673-20230330070501
  peerDependencies:
    react: ^16.8.0 || ^17.0.0 || ^18.0.0
  checksum: d1e0ac29d7226ea1c53dc7658cfacc59ac6bb308894e7786fa3f6c44dce0a3fb6ee42fe5e050efc7759ca05259d7665d85920a086ec355285c8db15732464790
  languageName: node
  linkType: hard

"@react-spring/core@npm:0.0.0-nightly-f50b673-20230330070501":
  version: 0.0.0-nightly-f50b673-20230330070501
  resolution: "@react-spring/core@npm:0.0.0-nightly-f50b673-20230330070501"
  dependencies:
    "@react-spring/animated": 0.0.0-nightly-f50b673-20230330070501
    "@react-spring/rafz": 0.0.0-nightly-f50b673-20230330070501
    "@react-spring/shared": 0.0.0-nightly-f50b673-20230330070501
    "@react-spring/types": 0.0.0-nightly-f50b673-20230330070501
  peerDependencies:
    react: ^16.8.0 || ^17.0.0 || ^18.0.0
  checksum: 3430aef914660014c99cc0f2f2fe6289d412657ce5ad4f0aa3a180c8922965743bb9ff23cfffaba911f7d78c3adabf6e6b37ff7bbdfe9e8bb3e8617b91f43df3
  languageName: node
  linkType: hard

"@react-spring/rafz@npm:0.0.0-nightly-f50b673-20230330070501":
  version: 0.0.0-nightly-f50b673-20230330070501
  resolution: "@react-spring/rafz@npm:0.0.0-nightly-f50b673-20230330070501"
  checksum: 5a51ed8a1a81b521167b114db7752d207b0ef6a35b65948ae3d0b67cc4f2336038e81df7a67fe98eabd552452932316c7c8acd88c498afd5f86e3b987fe0c48d
  languageName: node
  linkType: hard

"@react-spring/shared@npm:0.0.0-nightly-f50b673-20230330070501":
  version: 0.0.0-nightly-f50b673-20230330070501
  resolution: "@react-spring/shared@npm:0.0.0-nightly-f50b673-20230330070501"
  dependencies:
    "@react-spring/rafz": 0.0.0-nightly-f50b673-20230330070501
    "@react-spring/types": 0.0.0-nightly-f50b673-20230330070501
  peerDependencies:
    react: ^16.8.0 || ^17.0.0 || ^18.0.0
  checksum: 5c3adbbd1fb800a10fa44d2a8aad78684febfe1b22e3355450d06c7dc0d5fea7971f4430fb00b85ead994c829d7616c00cddd58b3422456b0c3334561025341f
  languageName: node
  linkType: hard

"@react-spring/types@npm:0.0.0-nightly-f50b673-20230330070501":
  version: 0.0.0-nightly-f50b673-20230330070501
  resolution: "@react-spring/types@npm:0.0.0-nightly-f50b673-20230330070501"
  checksum: 0725729c20d9c07067fc6ceab4f87d537f90d564b152f61b35e9feee05df957199c8ae92bebf507682d6481d430de9322507cad1d03d95243070857f09c70322
  languageName: node
  linkType: hard

"@react-spring/web@npm:0.0.0-nightly-f50b673-20230330070501":
  version: 0.0.0-nightly-f50b673-20230330070501
  resolution: "@react-spring/web@npm:0.0.0-nightly-f50b673-20230330070501"
  dependencies:
    "@react-spring/animated": 0.0.0-nightly-f50b673-20230330070501
    "@react-spring/core": 0.0.0-nightly-f50b673-20230330070501
    "@react-spring/shared": 0.0.0-nightly-f50b673-20230330070501
    "@react-spring/types": 0.0.0-nightly-f50b673-20230330070501
  peerDependencies:
    react: ^16.8.0 || ^17.0.0 || ^18.0.0
    react-dom: ^16.8.0 || ^17.0.0 || ^18.0.0
  checksum: 1c3f702a1ac15e6adeba1af5257d1fd705e9e158ed5fafbf406400d96deb5f6a8e8415588051cd11c07efcb73a06f350e90a51f667e2ad7b7489d1f1341b3e97
  languageName: node
  linkType: hard

"@swc/helpers@npm:0.5.2":
  version: 0.5.2
  resolution: "@swc/helpers@npm:0.5.2"
  dependencies:
    tslib: ^2.4.0
  checksum: 51d7e3d8bd56818c49d6bfbd715f0dbeedc13cf723af41166e45c03e37f109336bbcb57a1f2020f4015957721aeb21e1a7fff281233d797ff7d3dd1f447fa258
  languageName: node
  linkType: hard

"@types/node@npm:^20.12.2":
  version: 20.12.2
  resolution: "@types/node@npm:20.12.2"
  dependencies:
    undici-types: ~5.26.4
  checksum: 3242ab04fe69ae32a2da29a7a2fce41fccb370bc1189de43d2dfbb491bd3253d3ee2070cbb5613061148e4862fdaa9cf62722c43128ce5c7d33fe83750956613
  languageName: node
  linkType: hard

"@types/prop-types@npm:*":
  version: 15.7.5
  resolution: "@types/prop-types@npm:15.7.5"
  checksum: 5b43b8b15415e1f298243165f1d44390403bb2bd42e662bca3b5b5633fdd39c938e91b7fce3a9483699db0f7a715d08cef220c121f723a634972fdf596aec980
  languageName: node
  linkType: hard

"@types/react-dom@npm:^18.2.23":
  version: 18.2.23
  resolution: "@types/react-dom@npm:18.2.23"
  dependencies:
    "@types/react": "*"
  checksum: ebed13ffc393f96b3dbe2f959c857c3124c20e84718cded13016eaa2e3b650590557ea75584c4d3d3f226b0aae206167c9c81e971632c1f24bbd258f1d295b96
  languageName: node
  linkType: hard

"@types/react@npm:*, @types/react@npm:^18.2.73":
  version: 18.2.73
  resolution: "@types/react@npm:18.2.73"
  dependencies:
    "@types/prop-types": "*"
    csstype: ^3.0.2
  checksum: 0921d3e3286f11365e796f01eff4fb64de315c68f569e0bbfdaa7680dc4b774c7e8dc416d72d77f7f16a0c2075048429386a55bbfd43ac507d1dddc8d44142e7
  languageName: node
  linkType: hard

"busboy@npm:1.6.0":
  version: 1.6.0
  resolution: "busboy@npm:1.6.0"
  dependencies:
    streamsearch: ^1.1.0
  checksum: 32801e2c0164e12106bf236291a00795c3c4e4b709ae02132883fe8478ba2ae23743b11c5735a0aae8afe65ac4b6ca4568b91f0d9fed1fdbc32ede824a73746e
  languageName: node
  linkType: hard

"caniuse-lite@npm:^1.0.30001406":
  version: 1.0.30001464
  resolution: "caniuse-lite@npm:1.0.30001464"
  checksum: 67cdee102c1660d62d7b9dbd4740bb7af096236618f2509fd2e0039d50db5f02fb87c21d90b6d573fdcf50deaf3c84503d009e871502b5c221d0ba1dec18ba11
  languageName: node
  linkType: hard

"client-only@npm:0.0.1":
  version: 0.0.1
  resolution: "client-only@npm:0.0.1"
  checksum: 0c16bf660dadb90610553c1d8946a7fdfb81d624adea073b8440b7d795d5b5b08beb3c950c6a2cf16279365a3265158a236876d92bce16423c485c322d7dfaf8
  languageName: node
  linkType: hard

"csstype@npm:^3.0.2":
  version: 3.1.1
  resolution: "csstype@npm:3.1.1"
  checksum: 1f7b4f5fdd955b7444b18ebdddf3f5c699159f13e9cf8ac9027ae4a60ae226aef9bbb14a6e12ca7dba3358b007cee6354b116e720262867c398de6c955ea451d
  languageName: node
  linkType: hard

"glob-to-regexp@npm:^0.4.1":
  version: 0.4.1
  resolution: "glob-to-regexp@npm:0.4.1"
  checksum: e795f4e8f06d2a15e86f76e4d92751cf8bbfcf0157cea5c2f0f35678a8195a750b34096b1256e436f0cebc1883b5ff0888c47348443e69546a5a87f9e1eb1167
  languageName: node
  linkType: hard

"graceful-fs@npm:^4.1.2":
  version: 4.2.11
  resolution: "graceful-fs@npm:4.2.11"
  checksum: ac85f94da92d8eb6b7f5a8b20ce65e43d66761c55ce85ac96df6865308390da45a8d3f0296dd3a663de65d30ba497bd46c696cc1e248c72b13d6d567138a4fc7
  languageName: node
  linkType: hard

"js-tokens@npm:^3.0.0 || ^4.0.0":
  version: 4.0.0
  resolution: "js-tokens@npm:4.0.0"
  checksum: 8a95213a5a77deb6cbe94d86340e8d9ace2b93bc367790b260101d2f36a2eaf4e4e22d9fa9cf459b38af3a32fb4190e638024cf82ec95ef708680e405ea7cc78
  languageName: node
  linkType: hard

"loose-envify@npm:^1.1.0":
  version: 1.4.0
  resolution: "loose-envify@npm:1.4.0"
  dependencies:
    js-tokens: ^3.0.0 || ^4.0.0
  bin:
    loose-envify: cli.js
  checksum: 6517e24e0cad87ec9888f500c5b5947032cdfe6ef65e1c1936a0c48a524b81e65542c9c3edc91c97d5bddc806ee2a985dbc79be89215d613b1de5db6d1cfe6f4
  languageName: node
  linkType: hard

"nanoid@npm:^3.3.6":
  version: 3.3.7
  resolution: "nanoid@npm:3.3.7"
  bin:
    nanoid: bin/nanoid.cjs
  checksum: d36c427e530713e4ac6567d488b489a36582ef89da1d6d4e3b87eded11eb10d7042a877958c6f104929809b2ab0bafa17652b076cdf84324aa75b30b722204f2
  languageName: node
  linkType: hard

"next@npm:^13.5.6":
  version: 13.5.6
  resolution: "next@npm:13.5.6"
  dependencies:
    "@next/env": 13.5.6
    "@next/swc-darwin-arm64": 13.5.6
    "@next/swc-darwin-x64": 13.5.6
    "@next/swc-linux-arm64-gnu": 13.5.6
    "@next/swc-linux-arm64-musl": 13.5.6
    "@next/swc-linux-x64-gnu": 13.5.6
    "@next/swc-linux-x64-musl": 13.5.6
    "@next/swc-win32-arm64-msvc": 13.5.6
    "@next/swc-win32-ia32-msvc": 13.5.6
    "@next/swc-win32-x64-msvc": 13.5.6
    "@swc/helpers": 0.5.2
    busboy: 1.6.0
    caniuse-lite: ^1.0.30001406
    postcss: 8.4.31
    styled-jsx: 5.1.1
    watchpack: 2.4.0
  peerDependencies:
    "@opentelemetry/api": ^1.1.0
    react: ^18.2.0
    react-dom: ^18.2.0
    sass: ^1.3.0
  dependenciesMeta:
    "@next/swc-darwin-arm64":
      optional: true
    "@next/swc-darwin-x64":
      optional: true
    "@next/swc-linux-arm64-gnu":
      optional: true
    "@next/swc-linux-arm64-musl":
      optional: true
    "@next/swc-linux-x64-gnu":
      optional: true
    "@next/swc-linux-x64-musl":
      optional: true
    "@next/swc-win32-arm64-msvc":
      optional: true
    "@next/swc-win32-ia32-msvc":
      optional: true
    "@next/swc-win32-x64-msvc":
      optional: true
  peerDependenciesMeta:
    "@opentelemetry/api":
      optional: true
    sass:
      optional: true
  bin:
    next: dist/bin/next
  checksum: c869b0014ae921ada3bf22301985027ec320aebcd6aa9c16e8afbded68bb8def5874cca034c680e8c351a79578f1e514971d02777f6f0a5a1d7290f25970ac0d
  languageName: node
  linkType: hard

"picocolors@npm:^1.0.0":
  version: 1.0.0
  resolution: "picocolors@npm:1.0.0"
  checksum: a2e8092dd86c8396bdba9f2b5481032848525b3dc295ce9b57896f931e63fc16f79805144321f72976383fc249584672a75cc18d6777c6b757603f372f745981
  languageName: node
  linkType: hard

"postcss@npm:8.4.31":
  version: 8.4.31
  resolution: "postcss@npm:8.4.31"
  dependencies:
    nanoid: ^3.3.6
    picocolors: ^1.0.0
    source-map-js: ^1.0.2
  checksum: 1d8611341b073143ad90486fcdfeab49edd243377b1f51834dc4f6d028e82ce5190e4f11bb2633276864503654fb7cab28e67abdc0fbf9d1f88cad4a0ff0beea
  languageName: node
  linkType: hard

"prettier@npm:^3.2.5":
  version: 3.2.5
  resolution: "prettier@npm:3.2.5"
  bin:
    prettier: bin/prettier.cjs
  checksum: 2ee4e1417572372afb7a13bb446b34f20f1bf1747db77cf6ccaf57a9be005f2f15c40f903d41a6b79eec3f57fff14d32a20fb6dee1f126da48908926fe43c311
  languageName: node
  linkType: hard

"react-dom@npm:^18.2.0":
  version: 18.2.0
  resolution: "react-dom@npm:18.2.0"
  dependencies:
    loose-envify: ^1.1.0
    scheduler: ^0.23.0
  peerDependencies:
    react: ^18.2.0
  checksum: 7d323310bea3a91be2965f9468d552f201b1c27891e45ddc2d6b8f717680c95a75ae0bc1e3f5cf41472446a2589a75aed4483aee8169287909fcd59ad149e8cc
  languageName: node
  linkType: hard

"react@npm:^18.2.0":
  version: 18.2.0
  resolution: "react@npm:18.2.0"
  dependencies:
    loose-envify: ^1.1.0
  checksum: 88e38092da8839b830cda6feef2e8505dec8ace60579e46aa5490fc3dc9bba0bd50336507dc166f43e3afc1c42939c09fe33b25fae889d6f402721dcd78fca1b
  languageName: node
  linkType: hard

"root-workspace-0b6124@workspace:.":
  version: 0.0.0-use.local
  resolution: "root-workspace-0b6124@workspace:."
  dependencies:
    "@react-spring/web": 0.0.0-nightly-f50b673-20230330070501
    "@types/node": ^20.12.2
    "@types/react": ^18.2.73
    "@types/react-dom": ^18.2.23
    next: ^13.5.6
    prettier: ^3.2.5
    react: ^18.2.0
    react-dom: ^18.2.0
    typescript: ^4.9.5
  languageName: unknown
  linkType: soft

"scheduler@npm:^0.23.0":
  version: 0.23.0
  resolution: "scheduler@npm:0.23.0"
  dependencies:
    loose-envify: ^1.1.0
  checksum: d79192eeaa12abef860c195ea45d37cbf2bbf5f66e3c4dcd16f54a7da53b17788a70d109ee3d3dde1a0fd50e6a8fc171f4300356c5aee4fc0171de526bf35f8a
  languageName: node
  linkType: hard

"source-map-js@npm:^1.0.2":
  version: 1.0.2
  resolution: "source-map-js@npm:1.0.2"
  checksum: c049a7fc4deb9a7e9b481ae3d424cc793cb4845daa690bc5a05d428bf41bf231ced49b4cf0c9e77f9d42fdb3d20d6187619fc586605f5eabe995a316da8d377c
  languageName: node
  linkType: hard

"streamsearch@npm:^1.1.0":
  version: 1.1.0
  resolution: "streamsearch@npm:1.1.0"
  checksum: 1cce16cea8405d7a233d32ca5e00a00169cc0e19fbc02aa839959985f267335d435c07f96e5e0edd0eadc6d39c98d5435fb5bbbdefc62c41834eadc5622ad942
  languageName: node
  linkType: hard

"styled-jsx@npm:5.1.1":
  version: 5.1.1
  resolution: "styled-jsx@npm:5.1.1"
  dependencies:
    client-only: 0.0.1
  peerDependencies:
    react: ">= 16.8.0 || 17.x.x || ^18.0.0-0"
  peerDependenciesMeta:
    "@babel/core":
      optional: true
    babel-plugin-macros:
      optional: true
  checksum: 523a33b38603492547e861b98e29c873939b04e15fbe5ef16132c6f1e15958126647983c7d4675325038b428a5e91183d996e90141b18bdd1bbadf6e2c45b2fa
  languageName: node
  linkType: hard

"tslib@npm:^2.4.0":
  version: 2.5.0
  resolution: "tslib@npm:2.5.0"
  checksum: ae3ed5f9ce29932d049908ebfdf21b3a003a85653a9a140d614da6b767a93ef94f460e52c3d787f0e4f383546981713f165037dc2274df212ea9f8a4541004e1
  languageName: node
  linkType: hard

"typescript@npm:^4.9.5":
  version: 4.9.5
  resolution: "typescript@npm:4.9.5"
  bin:
    tsc: bin/tsc
    tsserver: bin/tsserver
  checksum: ee000bc26848147ad423b581bd250075662a354d84f0e06eb76d3b892328d8d4440b7487b5a83e851b12b255f55d71835b008a66cbf8f255a11e4400159237db
  languageName: node
  linkType: hard

"typescript@patch:typescript@^4.9.5#~builtin<compat/typescript>":
  version: 4.9.5
  resolution: "typescript@patch:typescript@npm%3A4.9.5#~builtin<compat/typescript>::version=4.9.5&hash=289587"
  bin:
    tsc: bin/tsc
    tsserver: bin/tsserver
  checksum: 1f8f3b6aaea19f0f67cba79057674ba580438a7db55057eb89cc06950483c5d632115c14077f6663ea76fd09fce3c190e6414bb98582ec80aa5a4eaf345d5b68
  languageName: node
  linkType: hard

"undici-types@npm:~5.26.4":
  version: 5.26.5
  resolution: "undici-types@npm:5.26.5"
  checksum: 3192ef6f3fd5df652f2dc1cd782b49d6ff14dc98e5dced492aa8a8c65425227da5da6aafe22523c67f035a272c599bb89cfe803c1db6311e44bed3042fc25487
  languageName: node
  linkType: hard

"watchpack@npm:2.4.0":
  version: 2.4.0
  resolution: "watchpack@npm:2.4.0"
  dependencies:
    glob-to-regexp: ^0.4.1
    graceful-fs: ^4.1.2
  checksum: 23d4bc58634dbe13b86093e01c6a68d8096028b664ab7139d58f0c37d962d549a940e98f2f201cecdabd6f9c340338dc73ef8bf094a2249ef582f35183d1a131
  languageName: node
  linkType: hard
