# This file is generated by running "yarn install" inside your project.
# Manual changes might be lost - proceed with caution!

__metadata:
  version: 6
  cacheKey: 8

"@next/env@npm:13.2.4":
  version: 13.2.4
  resolution: "@next/env@npm:13.2.4"
  checksum: 4123e08a79e66d6144006972027a9ceb8f3fdd782c4a869df1eb3b91b59ad9f4a44082d3f8e421f4df5214c6bc7190b52b94881369452d65eb4580485f33b9e6
  languageName: node
  linkType: hard

"@next/swc-android-arm-eabi@npm:13.2.4":
  version: 13.2.4
  resolution: "@next/swc-android-arm-eabi@npm:13.2.4"
  conditions: os=android & cpu=arm
  languageName: node
  linkType: hard

"@next/swc-android-arm64@npm:13.2.4":
  version: 13.2.4
  resolution: "@next/swc-android-arm64@npm:13.2.4"
  conditions: os=android & cpu=arm64
  languageName: node
  linkType: hard

"@next/swc-darwin-arm64@npm:13.2.4":
  version: 13.2.4
  resolution: "@next/swc-darwin-arm64@npm:13.2.4"
  conditions: os=darwin & cpu=arm64
  languageName: node
  linkType: hard

"@next/swc-darwin-x64@npm:13.2.4":
  version: 13.2.4
  resolution: "@next/swc-darwin-x64@npm:13.2.4"
  conditions: os=darwin & cpu=x64
  languageName: node
  linkType: hard

"@next/swc-freebsd-x64@npm:13.2.4":
  version: 13.2.4
  resolution: "@next/swc-freebsd-x64@npm:13.2.4"
  conditions: os=freebsd & cpu=x64
  languageName: node
  linkType: hard

"@next/swc-linux-arm-gnueabihf@npm:13.2.4":
  version: 13.2.4
  resolution: "@next/swc-linux-arm-gnueabihf@npm:13.2.4"
  conditions: os=linux & cpu=arm
  languageName: node
  linkType: hard

"@next/swc-linux-arm64-gnu@npm:13.2.4":
  version: 13.2.4
  resolution: "@next/swc-linux-arm64-gnu@npm:13.2.4"
  conditions: os=linux & cpu=arm64 & libc=glibc
  languageName: node
  linkType: hard

"@next/swc-linux-arm64-musl@npm:13.2.4":
  version: 13.2.4
  resolution: "@next/swc-linux-arm64-musl@npm:13.2.4"
  conditions: os=linux & cpu=arm64 & libc=musl
  languageName: node
  linkType: hard

"@next/swc-linux-x64-gnu@npm:13.2.4":
  version: 13.2.4
  resolution: "@next/swc-linux-x64-gnu@npm:13.2.4"
  conditions: os=linux & cpu=x64 & libc=glibc
  languageName: node
  linkType: hard

"@next/swc-linux-x64-musl@npm:13.2.4":
  version: 13.2.4
  resolution: "@next/swc-linux-x64-musl@npm:13.2.4"
  conditions: os=linux & cpu=x64 & libc=musl
  languageName: node
  linkType: hard

"@next/swc-win32-arm64-msvc@npm:13.2.4":
  version: 13.2.4
  resolution: "@next/swc-win32-arm64-msvc@npm:13.2.4"
  conditions: os=win32 & cpu=arm64
  languageName: node
  linkType: hard

"@next/swc-win32-ia32-msvc@npm:13.2.4":
  version: 13.2.4
  resolution: "@next/swc-win32-ia32-msvc@npm:13.2.4"
  conditions: os=win32 & cpu=ia32
  languageName: node
  linkType: hard

"@next/swc-win32-x64-msvc@npm:13.2.4":
  version: 13.2.4
  resolution: "@next/swc-win32-x64-msvc@npm:13.2.4"
  conditions: os=win32 & cpu=x64
  languageName: node
  linkType: hard

"@react-spring/animated@npm:~9.7.2":
  version: 9.7.2
  resolution: "@react-spring/animated@npm:9.7.2"
  dependencies:
    "@react-spring/shared": ~9.7.2
    "@react-spring/types": ~9.7.2
  peerDependencies:
    react: ^16.8.0 || ^17.0.0 || ^18.0.0
  checksum: 08f2f1e54468776b2abf76e3c3504129b8d965875781bc1cfd40adddff8f310869ecfb6d18e937df8ed63a01b3d0cb2335fb531be03ddf25f6f58583a91e08e7
  languageName: node
  linkType: hard

"@react-spring/core@npm:~9.7.1, @react-spring/core@npm:~9.7.2":
  version: 9.7.2
  resolution: "@react-spring/core@npm:9.7.2"
  dependencies:
    "@react-spring/animated": ~9.7.2
    "@react-spring/rafz": ~9.7.2
    "@react-spring/shared": ~9.7.2
    "@react-spring/types": ~9.7.2
  peerDependencies:
    react: ^16.8.0 || ^17.0.0 || ^18.0.0
  checksum: 7d14369d6bc3cb4f51bce946a0499484bd03a06b2602edd1f0478806759fd2a5f0800892cdf8d38a3bd4ef949f3c61de65933c46784683ea757f16db710a04fd
  languageName: node
  linkType: hard

"@react-spring/konva@npm:~9.7.1":
  version: 9.7.2
  resolution: "@react-spring/konva@npm:9.7.2"
  dependencies:
    "@react-spring/animated": ~9.7.2
    "@react-spring/core": ~9.7.2
    "@react-spring/shared": ~9.7.2
    "@react-spring/types": ~9.7.2
  peerDependencies:
    konva: ">=2.6"
    react: ^16.8.0 || ^17.0.0 || ^18.0.0
    react-konva: ^16.8.0 || ^16.8.7-0 || ^16.9.0-0 || ^16.10.1-0 || ^16.12.0-0 || ^16.13.0-0 || ^17.0.0-0 || ^17.0.1-0 || ^17.0.2-0 || ^18.0.0-0
  checksum: de1819722d578355a51b7e70509adde747650c22df7540a81b989a423292110b606e5675d41e70cce332b528bfe62e9b56571ed70acf72896014f8c852b2a777
  languageName: node
  linkType: hard

"@react-spring/native@npm:~9.7.1":
  version: 9.7.2
  resolution: "@react-spring/native@npm:9.7.2"
  dependencies:
    "@react-spring/animated": ~9.7.2
    "@react-spring/core": ~9.7.2
    "@react-spring/shared": ~9.7.2
    "@react-spring/types": ~9.7.2
  peerDependencies:
    react: ^16.8.0  || >=17.0.0 || >=18.0.0
    react-native: ">=0.58"
  checksum: 11963f7c9993f1c34bd32f82a1425f9e50d83c86f28ff53940aed87c677732d11e379e596fd2728861b5d8978255496eb63769d54018f943f15f6d80628e17a0
  languageName: node
  linkType: hard

"@react-spring/rafz@npm:~9.7.2":
  version: 9.7.2
  resolution: "@react-spring/rafz@npm:9.7.2"
  checksum: 88ad6275ed172745c7cd309e6a06bb52b76b6f391510afcf8ad12d1fc50950e74f902f96bcaae0895ab75e47a1d809d36fe843ce8d3d0d2ea2d6700ff9e03d81
  languageName: node
  linkType: hard

"@react-spring/shared@npm:~9.7.2":
  version: 9.7.2
  resolution: "@react-spring/shared@npm:9.7.2"
  dependencies:
    "@react-spring/rafz": ~9.7.2
    "@react-spring/types": ~9.7.2
  peerDependencies:
    react: ^16.8.0 || ^17.0.0 || ^18.0.0
  checksum: f3041a537dddad63c64e68890f3276b72c4e2d5828621a09dbd722edb7a12edc0026555118f8305b969253f44e409ddd411dd5b99ec4e04edea32bee5e5f57fd
  languageName: node
  linkType: hard

"@react-spring/three@npm:~9.7.1":
  version: 9.7.2
  resolution: "@react-spring/three@npm:9.7.2"
  dependencies:
    "@react-spring/animated": ~9.7.2
    "@react-spring/core": ~9.7.2
    "@react-spring/shared": ~9.7.2
    "@react-spring/types": ~9.7.2
  peerDependencies:
    "@react-three/fiber": ">=6.0"
    react: ^16.8.0 || ^17.0.0 || ^18.0.0
    three: ">=0.126"
  checksum: 970efd0fb7eee29edc0f468fde3ab590905cd9136e6f1a017dc40b9b94dc1bf1befe399ac08848994b1359f83339be93b09eb5b30f9f2ff97f9f0477bb4de45c
  languageName: node
  linkType: hard

"@react-spring/types@npm:~9.7.2":
  version: 9.7.2
  resolution: "@react-spring/types@npm:9.7.2"
  checksum: 145a79d2f40dfc9f0a4b54db17890c6471b4e50563c01951ca13022977b0d8009865c1839cf07a762fd33ae0b83f2d6972e2d0fe50bd3105942b9cea5253612e
  languageName: node
  linkType: hard

"@react-spring/web@npm:~9.7.1":
  version: 9.7.2
  resolution: "@react-spring/web@npm:9.7.2"
  dependencies:
    "@react-spring/animated": ~9.7.2
    "@react-spring/core": ~9.7.2
    "@react-spring/shared": ~9.7.2
    "@react-spring/types": ~9.7.2
  peerDependencies:
    react: ^16.8.0 || ^17.0.0 || ^18.0.0
    react-dom: ^16.8.0 || ^17.0.0 || ^18.0.0
  checksum: f872dfd9bbbfc27f32e4406076729a36169e2da3785709fbf981b7d3a77a1a430d7f295b300a9acc8cb4805d0965e6d9a54914a4263abfd96806b7ae53ba69cd
  languageName: node
  linkType: hard

"@react-spring/zdog@npm:~9.7.1":
  version: 9.7.2
  resolution: "@react-spring/zdog@npm:9.7.2"
  dependencies:
    "@react-spring/animated": ~9.7.2
    "@react-spring/core": ~9.7.2
    "@react-spring/shared": ~9.7.2
    "@react-spring/types": ~9.7.2
  peerDependencies:
    react: ^16.8.0 || ^17.0.0 || ^18.0.0
    react-dom: ^16.8.0 || ^17.0.0 || ^18.0.0
    react-zdog: ">=1.0"
    zdog: ">=1.0"
  checksum: 550edcb6a3632c97a3511d35b91bc8d9ef09542846572be40017ceeea404f4a6579e34b2888ae39abf8c00f97cee2152a8266d2fe5f60176c51ab680bdad93e1
  languageName: node
  linkType: hard

"@swc/helpers@npm:0.4.14":
  version: 0.4.14
  resolution: "@swc/helpers@npm:0.4.14"
  dependencies:
    tslib: ^2.4.0
  checksum: 273fd3f3fc461a92f3790cc551ea054745c6d6959afbe1232e6d7aa1c722bbc114d308aab96bef5c78fc0303c85c7b472ef00e2253251cc89737f3b1af56e5a5
  languageName: node
  linkType: hard

"@types/node@npm:^17.0.45":
  version: 17.0.45
  resolution: "@types/node@npm:17.0.45"
  checksum: aa04366b9103b7d6cfd6b2ef64182e0eaa7d4462c3f817618486ea0422984c51fc69fd0d436eae6c9e696ddfdbec9ccaa27a917f7c2e8c75c5d57827fe3d95e8
  languageName: node
  linkType: hard

"@types/prop-types@npm:*":
  version: 15.7.5
  resolution: "@types/prop-types@npm:15.7.5"
  checksum: 5b43b8b15415e1f298243165f1d44390403bb2bd42e662bca3b5b5633fdd39c938e91b7fce3a9483699db0f7a715d08cef220c121f723a634972fdf596aec980
  languageName: node
  linkType: hard

"@types/react-dom@npm:^18.0.10":
  version: 18.0.11
  resolution: "@types/react-dom@npm:18.0.11"
  dependencies:
    "@types/react": "*"
  checksum: 579691e4d5ec09688087568037c35edf8cfb1ab3e07f6c60029280733ee7b5c06d66df6fcc90786702c93ac8cb13bc7ff16c79ddfc75d082938fbaa36e1cdbf4
  languageName: node
  linkType: hard

"@types/react@npm:*, @types/react@npm:^18.0.26":
  version: 18.0.28
  resolution: "@types/react@npm:18.0.28"
  dependencies:
    "@types/prop-types": "*"
    "@types/scheduler": "*"
    csstype: ^3.0.2
  checksum: e752df961105e5127652460504785897ca6e77259e0da8f233f694f9e8f451cde7fa0709d4456ade0ff600c8ce909cfe29f9b08b9c247fa9b734e126ec53edd7
  languageName: node
  linkType: hard

"@types/scheduler@npm:*":
  version: 0.16.2
  resolution: "@types/scheduler@npm:0.16.2"
  checksum: b6b4dcfeae6deba2e06a70941860fb1435730576d3689225a421280b7742318d1548b3d22c1f66ab68e414f346a9542f29240bc955b6332c5b11e561077583bc
  languageName: node
  linkType: hard

"caniuse-lite@npm:^1.0.30001406":
  version: 1.0.30001464
  resolution: "caniuse-lite@npm:1.0.30001464"
  checksum: 67cdee102c1660d62d7b9dbd4740bb7af096236618f2509fd2e0039d50db5f02fb87c21d90b6d573fdcf50deaf3c84503d009e871502b5c221d0ba1dec18ba11
  languageName: node
  linkType: hard

"client-only@npm:0.0.1":
  version: 0.0.1
  resolution: "client-only@npm:0.0.1"
  checksum: 0c16bf660dadb90610553c1d8946a7fdfb81d624adea073b8440b7d795d5b5b08beb3c950c6a2cf16279365a3265158a236876d92bce16423c485c322d7dfaf8
  languageName: node
  linkType: hard

"csstype@npm:^3.0.2":
  version: 3.1.1
  resolution: "csstype@npm:3.1.1"
  checksum: 1f7b4f5fdd955b7444b18ebdddf3f5c699159f13e9cf8ac9027ae4a60ae226aef9bbb14a6e12ca7dba3358b007cee6354b116e720262867c398de6c955ea451d
  languageName: node
  linkType: hard

"js-tokens@npm:^3.0.0 || ^4.0.0":
  version: 4.0.0
  resolution: "js-tokens@npm:4.0.0"
  checksum: 8a95213a5a77deb6cbe94d86340e8d9ace2b93bc367790b260101d2f36a2eaf4e4e22d9fa9cf459b38af3a32fb4190e638024cf82ec95ef708680e405ea7cc78
  languageName: node
  linkType: hard

"loose-envify@npm:^1.1.0":
  version: 1.4.0
  resolution: "loose-envify@npm:1.4.0"
  dependencies:
    js-tokens: ^3.0.0 || ^4.0.0
  bin:
    loose-envify: cli.js
  checksum: 6517e24e0cad87ec9888f500c5b5947032cdfe6ef65e1c1936a0c48a524b81e65542c9c3edc91c97d5bddc806ee2a985dbc79be89215d613b1de5db6d1cfe6f4
  languageName: node
  linkType: hard

"nanoid@npm:^3.3.4":
  version: 3.3.4
  resolution: "nanoid@npm:3.3.4"
  bin:
    nanoid: bin/nanoid.cjs
  checksum: 2fddd6dee994b7676f008d3ffa4ab16035a754f4bb586c61df5a22cf8c8c94017aadd360368f47d653829e0569a92b129979152ff97af23a558331e47e37cd9c
  languageName: node
  linkType: hard

"next@npm:^13.2":
  version: 13.2.4
  resolution: "next@npm:13.2.4"
  dependencies:
    "@next/env": 13.2.4
    "@next/swc-android-arm-eabi": 13.2.4
    "@next/swc-android-arm64": 13.2.4
    "@next/swc-darwin-arm64": 13.2.4
    "@next/swc-darwin-x64": 13.2.4
    "@next/swc-freebsd-x64": 13.2.4
    "@next/swc-linux-arm-gnueabihf": 13.2.4
    "@next/swc-linux-arm64-gnu": 13.2.4
    "@next/swc-linux-arm64-musl": 13.2.4
    "@next/swc-linux-x64-gnu": 13.2.4
    "@next/swc-linux-x64-musl": 13.2.4
    "@next/swc-win32-arm64-msvc": 13.2.4
    "@next/swc-win32-ia32-msvc": 13.2.4
    "@next/swc-win32-x64-msvc": 13.2.4
    "@swc/helpers": 0.4.14
    caniuse-lite: ^1.0.30001406
    postcss: 8.4.14
    styled-jsx: 5.1.1
  peerDependencies:
    "@opentelemetry/api": ^1.4.0
    fibers: ">= 3.1.0"
    node-sass: ^6.0.0 || ^7.0.0
    react: ^18.2.0
    react-dom: ^18.2.0
    sass: ^1.3.0
  dependenciesMeta:
    "@next/swc-android-arm-eabi":
      optional: true
    "@next/swc-android-arm64":
      optional: true
    "@next/swc-darwin-arm64":
      optional: true
    "@next/swc-darwin-x64":
      optional: true
    "@next/swc-freebsd-x64":
      optional: true
    "@next/swc-linux-arm-gnueabihf":
      optional: true
    "@next/swc-linux-arm64-gnu":
      optional: true
    "@next/swc-linux-arm64-musl":
      optional: true
    "@next/swc-linux-x64-gnu":
      optional: true
    "@next/swc-linux-x64-musl":
      optional: true
    "@next/swc-win32-arm64-msvc":
      optional: true
    "@next/swc-win32-ia32-msvc":
      optional: true
    "@next/swc-win32-x64-msvc":
      optional: true
  peerDependenciesMeta:
    "@opentelemetry/api":
      optional: true
    fibers:
      optional: true
    node-sass:
      optional: true
    sass:
      optional: true
  bin:
    next: dist/bin/next
  checksum: 8531dee41b60181b582f5ee80858907b102f083ef8808ff9352d589dd39e6b3a96f7a11b3776a03eef3a28430cff768336fa2e3ff2c6f8fcd699fbc891749051
  languageName: node
  linkType: hard

"picocolors@npm:^1.0.0":
  version: 1.0.0
  resolution: "picocolors@npm:1.0.0"
  checksum: a2e8092dd86c8396bdba9f2b5481032848525b3dc295ce9b57896f931e63fc16f79805144321f72976383fc249584672a75cc18d6777c6b757603f372f745981
  languageName: node
  linkType: hard

"postcss@npm:8.4.14":
  version: 8.4.14
  resolution: "postcss@npm:8.4.14"
  dependencies:
    nanoid: ^3.3.4
    picocolors: ^1.0.0
    source-map-js: ^1.0.2
  checksum: fe58766ff32e4becf65a7d57678995cfd239df6deed2fe0557f038b47c94e4132e7e5f68b5aa820c13adfec32e523b693efaeb65798efb995ce49ccd83953816
  languageName: node
  linkType: hard

"prettier@npm:^2.8.4":
  version: 2.8.4
  resolution: "prettier@npm:2.8.4"
  bin:
    prettier: bin-prettier.js
  checksum: c173064bf3df57b6d93d19aa98753b9b9dd7657212e33b41ada8e2e9f9884066bb9ca0b4005b89b3ab137efffdf8fbe0b462785aba20364798ff4303aadda57e
  languageName: node
  linkType: hard

"react-dom@npm:^18.2.0":
  version: 18.2.0
  resolution: "react-dom@npm:18.2.0"
  dependencies:
    loose-envify: ^1.1.0
    scheduler: ^0.23.0
  peerDependencies:
    react: ^18.2.0
  checksum: 7d323310bea3a91be2965f9468d552f201b1c27891e45ddc2d6b8f717680c95a75ae0bc1e3f5cf41472446a2589a75aed4483aee8169287909fcd59ad149e8cc
  languageName: node
  linkType: hard

"react-spring@npm:^9.7.1":
  version: 9.7.1
  resolution: "react-spring@npm:9.7.1"
  dependencies:
    "@react-spring/core": ~9.7.1
    "@react-spring/konva": ~9.7.1
    "@react-spring/native": ~9.7.1
    "@react-spring/three": ~9.7.1
    "@react-spring/web": ~9.7.1
    "@react-spring/zdog": ~9.7.1
  peerDependencies:
    react: ^16.8.0 || ^17.0.0 || ^18.0.0
    react-dom: ^16.8.0 || ^17.0.0 || ^18.0.0
  checksum: 75f31601d9a8e94e93e66ccfed2ced8cc71399835cf4d509eae6b373315f182f3b5ca0d96da7cd132f01faa6b1cf89dcf087ca43bf40e51c3202c6713f730c28
  languageName: node
  linkType: hard

"react@npm:^18.2.0":
  version: 18.2.0
  resolution: "react@npm:18.2.0"
  dependencies:
    loose-envify: ^1.1.0
  checksum: 88e38092da8839b830cda6feef2e8505dec8ace60579e46aa5490fc3dc9bba0bd50336507dc166f43e3afc1c42939c09fe33b25fae889d6f402721dcd78fca1b
  languageName: node
  linkType: hard

"root-workspace-0b6124@workspace:.":
  version: 0.0.0-use.local
  resolution: "root-workspace-0b6124@workspace:."
  dependencies:
    "@types/node": ^17.0.45
    "@types/react": ^18.0.26
    "@types/react-dom": ^18.0.10
    next: ^13.2
    prettier: ^2.8.4
    react: ^18.2.0
    react-dom: ^18.2.0
    react-spring: ^9.7.1
    typescript: ^5.0.4
  languageName: unknown
  linkType: soft

"scheduler@npm:^0.23.0":
  version: 0.23.0
  resolution: "scheduler@npm:0.23.0"
  dependencies:
    loose-envify: ^1.1.0
  checksum: d79192eeaa12abef860c195ea45d37cbf2bbf5f66e3c4dcd16f54a7da53b17788a70d109ee3d3dde1a0fd50e6a8fc171f4300356c5aee4fc0171de526bf35f8a
  languageName: node
  linkType: hard

"source-map-js@npm:^1.0.2":
  version: 1.0.2
  resolution: "source-map-js@npm:1.0.2"
  checksum: c049a7fc4deb9a7e9b481ae3d424cc793cb4845daa690bc5a05d428bf41bf231ced49b4cf0c9e77f9d42fdb3d20d6187619fc586605f5eabe995a316da8d377c
  languageName: node
  linkType: hard

"styled-jsx@npm:5.1.1":
  version: 5.1.1
  resolution: "styled-jsx@npm:5.1.1"
  dependencies:
    client-only: 0.0.1
  peerDependencies:
    react: ">= 16.8.0 || 17.x.x || ^18.0.0-0"
  peerDependenciesMeta:
    "@babel/core":
      optional: true
    babel-plugin-macros:
      optional: true
  checksum: 523a33b38603492547e861b98e29c873939b04e15fbe5ef16132c6f1e15958126647983c7d4675325038b428a5e91183d996e90141b18bdd1bbadf6e2c45b2fa
  languageName: node
  linkType: hard

"tslib@npm:^2.4.0":
  version: 2.5.0
  resolution: "tslib@npm:2.5.0"
  checksum: ae3ed5f9ce29932d049908ebfdf21b3a003a85653a9a140d614da6b767a93ef94f460e52c3d787f0e4f383546981713f165037dc2274df212ea9f8a4541004e1
  languageName: node
  linkType: hard

"typescript@npm:^5.0.4":
  version: 5.0.4
  resolution: "typescript@npm:5.0.4"
  bin:
    tsc: bin/tsc
    tsserver: bin/tsserver
  checksum: 82b94da3f4604a8946da585f7d6c3025fff8410779e5bde2855ab130d05e4fd08938b9e593b6ebed165bda6ad9292b230984f10952cf82f0a0ca07bbeaa08172
  languageName: node
  linkType: hard

"typescript@patch:typescript@^5.0.4#~builtin<compat/typescript>":
  version: 5.0.4
  resolution: "typescript@patch:typescript@npm%3A5.0.4#~builtin<compat/typescript>::version=5.0.4&hash=1f5320"
  bin:
    tsc: bin/tsc
    tsserver: bin/tsserver
  checksum: 6a1fe9a77bb9c5176ead919cc4a1499ee63e46b4e05bf667079f11bf3a8f7887f135aa72460a4c3b016e6e6bb65a822cb8689a6d86cbfe92d22cc9f501f09213
  languageName: node
  linkType: hard
