# This file is generated by running "yarn install" inside your project.
# Manual changes might be lost - proceed with caution!

__metadata:
  version: 6
  cacheKey: 8

"@react-spring/animated@npm:~9.7.1":
  version: 9.7.1
  resolution: "@react-spring/animated@npm:9.7.1"
  dependencies:
    "@react-spring/shared": ~9.7.1
    "@react-spring/types": ~9.7.1
  peerDependencies:
    react: ^16.8.0 || ^17.0.0 || ^18.0.0
  checksum: e3f1c0853d2fe4b6a0afb2627ebf272640cd889dad0ce308041dfe129b145dac288c19caeb61c1dc9272f1beb4712044b7dc3ebeffc25749a9b2a4536e77d61e
  languageName: node
  linkType: hard

"@react-spring/core@npm:~9.7.1":
  version: 9.7.1
  resolution: "@react-spring/core@npm:9.7.1"
  dependencies:
    "@react-spring/animated": ~9.7.1
    "@react-spring/rafz": ~9.7.1
    "@react-spring/shared": ~9.7.1
    "@react-spring/types": ~9.7.1
  peerDependencies:
    react: ^16.8.0 || ^17.0.0 || ^18.0.0
  checksum: 1a4f5dc2e74fb7e80e5482a58d0d5a536fb7226d21841e2d0ca4fe772a66dc9003fd8ef6cb142b38cf9ab7043ed4787f62504786ceca5f223b6ae8e5f563c3ac
  languageName: node
  linkType: hard

"@react-spring/konva@npm:~9.7.1":
  version: 9.7.1
  resolution: "@react-spring/konva@npm:9.7.1"
  dependencies:
    "@react-spring/animated": ~9.7.1
    "@react-spring/core": ~9.7.1
    "@react-spring/shared": ~9.7.1
    "@react-spring/types": ~9.7.1
  peerDependencies:
    konva: ">=2.6"
    react: ^16.8.0 || ^17.0.0 || ^18.0.0
    react-konva: ^16.8.0 || ^16.8.7-0 || ^16.9.0-0 || ^16.10.1-0 || ^16.12.0-0 || ^16.13.0-0 || ^17.0.0-0 || ^17.0.1-0 || ^17.0.2-0 || ^18.0.0-0
  checksum: 0ff238225369574a22db3cf3acca8ec1279fd9f38cdfff39c19121777e5bf36f03039572d93625de5282bb7bfc2964b246da64694e65a59118033852199006d4
  languageName: node
  linkType: hard

"@react-spring/native@npm:~9.7.1":
  version: 9.7.1
  resolution: "@react-spring/native@npm:9.7.1"
  dependencies:
    "@react-spring/animated": ~9.7.1
    "@react-spring/core": ~9.7.1
    "@react-spring/shared": ~9.7.1
    "@react-spring/types": ~9.7.1
  peerDependencies:
    react: ^16.8.0  || >=17.0.0 || >=18.0.0
    react-native: ">=0.58"
  checksum: 9186071256234ebc4dda3730d3224ba7ed92213271e01ecc84f14d5ba2887f3e7646f4aa1b7f557454559379b0a3abc862344a337029b7e5702098d7a4dd60d7
  languageName: node
  linkType: hard

"@react-spring/rafz@npm:~9.7.1":
  version: 9.7.1
  resolution: "@react-spring/rafz@npm:9.7.1"
  checksum: 93e1f46682b6bf5c685e09540dea085aba6dfd998f03724473793e233882d57d9cb4e84c533449c5596ffe85eba2622b48ff6e9b60424e315328e94abaf6754a
  languageName: node
  linkType: hard

"@react-spring/shared@npm:~9.7.1":
  version: 9.7.1
  resolution: "@react-spring/shared@npm:9.7.1"
  dependencies:
    "@react-spring/rafz": ~9.7.1
    "@react-spring/types": ~9.7.1
  peerDependencies:
    react: ^16.8.0 || ^17.0.0 || ^18.0.0
  checksum: 05495677795639802dd04974e83f79f10b7f7ad8fc8e1546f68c2fa940e5cee538d50feb6117c1aef2c77f3a568cb8930a4b3cfd2d25079036cf2e367677e29d
  languageName: node
  linkType: hard

"@react-spring/three@npm:~9.7.1":
  version: 9.7.1
  resolution: "@react-spring/three@npm:9.7.1"
  dependencies:
    "@react-spring/animated": ~9.7.1
    "@react-spring/core": ~9.7.1
    "@react-spring/shared": ~9.7.1
    "@react-spring/types": ~9.7.1
  peerDependencies:
    "@react-three/fiber": ">=6.0"
    react: ^16.8.0 || ^17.0.0 || ^18.0.0
    three: ">=0.126"
  checksum: d7b8fe3d963ed3b460e3023faab47dcde7ac04241d68203b5cd223de8a87f7828f8f1a10ad018f64bb51c1a904bafb444a4597c7987ef0d181471cb3e3923075
  languageName: node
  linkType: hard

"@react-spring/types@npm:~9.7.1":
  version: 9.7.1
  resolution: "@react-spring/types@npm:9.7.1"
  checksum: 18b210d00fac6920651729ecafa5890e8e90cacb03d7c70d16ab9b067e4f301795bdf490f80574567f3012e278d8fc78ba3e4b11504215d9a949300a5b273413
  languageName: node
  linkType: hard

"@react-spring/web@npm:~9.7.1":
  version: 9.7.1
  resolution: "@react-spring/web@npm:9.7.1"
  dependencies:
    "@react-spring/animated": ~9.7.1
    "@react-spring/core": ~9.7.1
    "@react-spring/shared": ~9.7.1
    "@react-spring/types": ~9.7.1
  peerDependencies:
    react: ^16.8.0 || ^17.0.0 || ^18.0.0
    react-dom: ^16.8.0 || ^17.0.0 || ^18.0.0
  checksum: 47887e44e640b15ae65ddea4aef042046b461f32f40529e4640437f8693a542d1fba64d7b7a6f64fb13b3a63fcf05aeaf0982861feb18c91bdf83c710e76bd26
  languageName: node
  linkType: hard

"@react-spring/zdog@npm:~9.7.1":
  version: 9.7.1
  resolution: "@react-spring/zdog@npm:9.7.1"
  dependencies:
    "@react-spring/animated": ~9.7.1
    "@react-spring/core": ~9.7.1
    "@react-spring/shared": ~9.7.1
    "@react-spring/types": ~9.7.1
  peerDependencies:
    react: ^16.8.0 || ^17.0.0 || ^18.0.0
    react-dom: ^16.8.0 || ^17.0.0 || ^18.0.0
    react-zdog: ">=1.0"
    zdog: ">=1.0"
  checksum: df6ffe4b19f356faa66b9f957c3897e779d0112279abcfbb3b48b198ef827030a09d7c53952699792f207c94ebd787ac926e3df3ce70e955135dec27e087dbf0
  languageName: node
  linkType: hard

"callsites@npm:~4.0.0":
  version: 4.0.0
  resolution: "callsites@npm:4.0.0"
  checksum: ad3c3a57328a539c0d671cf1ca500abf09461b762807fc545a132026bdf87705fee9c299e1adb38b133c29201a3b04fbf4f2b90d8fa1d9e00ef507e803737cf2
  languageName: node
  linkType: hard

"dual-module-test@workspace:.":
  version: 0.0.0-use.local
  resolution: "dual-module-test@workspace:."
  dependencies:
    react: ^18.2.0
    react-dom: ^18.2.0
    react-spring: ^9.7.0
    resolve-esm: ^1.4.0
  languageName: unknown
  linkType: soft

"js-tokens@npm:^3.0.0 || ^4.0.0":
  version: 4.0.0
  resolution: "js-tokens@npm:4.0.0"
  checksum: 8a95213a5a77deb6cbe94d86340e8d9ace2b93bc367790b260101d2f36a2eaf4e4e22d9fa9cf459b38af3a32fb4190e638024cf82ec95ef708680e405ea7cc78
  languageName: node
  linkType: hard

"loose-envify@npm:^1.1.0":
  version: 1.4.0
  resolution: "loose-envify@npm:1.4.0"
  dependencies:
    js-tokens: ^3.0.0 || ^4.0.0
  bin:
    loose-envify: cli.js
  checksum: 6517e24e0cad87ec9888f500c5b5947032cdfe6ef65e1c1936a0c48a524b81e65542c9c3edc91c97d5bddc806ee2a985dbc79be89215d613b1de5db6d1cfe6f4
  languageName: node
  linkType: hard

"react-dom@npm:^18.2.0":
  version: 18.2.0
  resolution: "react-dom@npm:18.2.0"
  dependencies:
    loose-envify: ^1.1.0
    scheduler: ^0.23.0
  peerDependencies:
    react: ^18.2.0
  checksum: 7d323310bea3a91be2965f9468d552f201b1c27891e45ddc2d6b8f717680c95a75ae0bc1e3f5cf41472446a2589a75aed4483aee8169287909fcd59ad149e8cc
  languageName: node
  linkType: hard

"react-spring@npm:^9.7.0":
  version: 9.7.1
  resolution: "react-spring@npm:9.7.1"
  dependencies:
    "@react-spring/core": ~9.7.1
    "@react-spring/konva": ~9.7.1
    "@react-spring/native": ~9.7.1
    "@react-spring/three": ~9.7.1
    "@react-spring/web": ~9.7.1
    "@react-spring/zdog": ~9.7.1
  peerDependencies:
    react: ^16.8.0 || ^17.0.0 || ^18.0.0
    react-dom: ^16.8.0 || ^17.0.0 || ^18.0.0
  checksum: 75f31601d9a8e94e93e66ccfed2ced8cc71399835cf4d509eae6b373315f182f3b5ca0d96da7cd132f01faa6b1cf89dcf087ca43bf40e51c3202c6713f730c28
  languageName: node
  linkType: hard

"react@npm:^18.2.0":
  version: 18.2.0
  resolution: "react@npm:18.2.0"
  dependencies:
    loose-envify: ^1.1.0
  checksum: 88e38092da8839b830cda6feef2e8505dec8ace60579e46aa5490fc3dc9bba0bd50336507dc166f43e3afc1c42939c09fe33b25fae889d6f402721dcd78fca1b
  languageName: node
  linkType: hard

"resolve-esm@npm:^1.4.0":
  version: 1.4.0
  resolution: "resolve-esm@npm:1.4.0"
  dependencies:
    callsites: ~4.0.0
  checksum: f0e1fad4c49abe41012ec9f59958d9d8d356b12c92a784765b6d69f8dccd07a609656f83a86278c76b579a953b02b893d3c3ea7c2ad2be607b15d7f0c942b8f8
  languageName: node
  linkType: hard

"scheduler@npm:^0.23.0":
  version: 0.23.0
  resolution: "scheduler@npm:0.23.0"
  dependencies:
    loose-envify: ^1.1.0
  checksum: d79192eeaa12abef860c195ea45d37cbf2bbf5f66e3c4dcd16f54a7da53b17788a70d109ee3d3dde1a0fd50e6a8fc171f4300356c5aee4fc0171de526bf35f8a
  languageName: node
  linkType: hard
