{
  "name": "dual-module-test",
  "version": "1.0.0",
  "lockfileVersion": 3,
  "requires": true,
  "packages": {
    "": {
      "name": "dual-module-test",
      "version": "1.0.0",
      "license": "MIT",
      "dependencies": {
        "@react-spring/web": "*",
        "react": "^19.2.6",
        "react-dom": "19.2.6"
      }
    },
    "node_modules/@react-spring/animated": {
      "version": "10.0.4",
      "resolved": "https://registry.npmjs.org/@react-spring/animated/-/animated-10.0.4.tgz",
      "integrity": "sha512-AgKkI4q8YO1vgpcdWzRNQ2+6UrvYlpVRKm86RXj/gYpWJ0yR8vM+EY4BFAsqJgrs9e+33KkBDJpjYpNXuQ/FOQ==",
      "license": "MIT",
      "dependencies": {
        "@react-spring/shared": "~10.0.4",
        "@react-spring/types": "~10.0.4"
      },
      "peerDependencies": {
        "react": "^16.8.0 || ^17.0.0 || ^18.0.0 || ^19.0.0"
      }
    },
    "node_modules/@react-spring/core": {
      "version": "10.0.4",
      "resolved": "https://registry.npmjs.org/@react-spring/core/-/core-10.0.4.tgz",
      "integrity": "sha512-Gf4xRLo1WA34We8H51DPMAPTzcm4ccfFdFiIoL/Qh5s5JkanDcNYbBJAdacnH8KO1+42TMeTtNm8HMFCASHE7g==",
      "license": "MIT",
      "dependencies": {
        "@react-spring/animated": "~10.0.4",
        "@react-spring/shared": "~10.0.4",
        "@react-spring/types": "~10.0.4"
      },
      "funding": {
        "type": "opencollective",
        "url": "https://opencollective.com/react-spring/donate"
      },
      "peerDependencies": {
        "react": "^16.8.0 || ^17.0.0 || ^18.0.0 || ^19.0.0"
      }
    },
    "node_modules/@react-spring/rafz": {
      "version": "10.0.4",
      "resolved": "https://registry.npmjs.org/@react-spring/rafz/-/rafz-10.0.4.tgz",
      "integrity": "sha512-QK/vnFUpgVE1Wm4cvb1vDbhY6Xz4Ywfgkbr30hlXM3XAaMBWv08TWMorZhYb9T+gphHP45t7dUbUtp3r6k2nxA==",
      "license": "MIT"
    },
    "node_modules/@react-spring/shared": {
      "version": "10.0.4",
      "resolved": "https://registry.npmjs.org/@react-spring/shared/-/shared-10.0.4.tgz",
      "integrity": "sha512-OddJdzRNlQBX7vp9C4ow7OIcRbDXtic6PPqdUPHx89xwBH0u89Jm9h4B2HZQJnw+KiupGLXLGrUKSkZQfKlG0w==",
      "license": "MIT",
      "dependencies": {
        "@react-spring/rafz": "~10.0.4",
        "@react-spring/types": "~10.0.4"
      },
      "peerDependencies": {
        "react": "^16.8.0 || ^17.0.0 || ^18.0.0 || ^19.0.0"
      }
    },
    "node_modules/@react-spring/types": {
      "version": "10.0.4",
      "resolved": "https://registry.npmjs.org/@react-spring/types/-/types-10.0.4.tgz",
      "integrity": "sha512-E0KekCFXut0IB8+msh1g4oXz4AXwyfDz9Sqz+tfabnKbI1AkyoFs1tPJB8ViN0Ckq7Da6jYGU8TVNVkirsXBjQ==",
      "license": "MIT"
    },
    "node_modules/@react-spring/web": {
      "version": "10.0.4",
      "resolved": "https://registry.npmjs.org/@react-spring/web/-/web-10.0.4.tgz",
      "integrity": "sha512-6uYPLfuTlxR/t/s9xoliU1NObETm7Yad5PFLc0OFCqyF62BWZ8m73wTn6R091lvMyvddrl7NP2v95ueX3HAjmw==",
      "license": "MIT",
      "dependencies": {
        "@react-spring/animated": "~10.0.4",
        "@react-spring/core": "~10.0.4",
        "@react-spring/shared": "~10.0.4",
        "@react-spring/types": "~10.0.4",
        "csstype": "^3.1.0"
      },
      "peerDependencies": {
        "react": "^16.8.0 || ^17.0.0 || ^18.0.0 || ^19.0.0",
        "react-dom": "^16.8.0 || ^17.0.0 || ^18.0.0 || ^19.0.0"
      }
    },
    "node_modules/csstype": {
      "version": "3.2.3",
      "resolved": "https://registry.npmjs.org/csstype/-/csstype-3.2.3.tgz",
      "integrity": "sha512-z1HGKcYy2xA8AGQfwrn0PAy+PB7X/GSj3UVJW9qKyn43xWa+gl5nXmU4qqLMRzWVLFC8KusUX8T/0kCiOYpAIQ==",
      "license": "MIT"
    },
    "node_modules/react": {
      "version": "19.2.6",
      "resolved": "https://registry.npmjs.org/react/-/react-19.2.6.tgz",
      "integrity": "sha512-sfWGGfavi0xr8Pg0sVsyHMAOziVYKgPLNrS7ig+ivMNb3wbCBw3KxtflsGBAwD3gYQlE/AEZsTLgToRrSCjb0Q==",
      "license": "MIT",
      "engines": {
        "node": ">=0.10.0"
      }
    },
    "node_modules/react-dom": {
      "version": "19.2.6",
      "resolved": "https://registry.npmjs.org/react-dom/-/react-dom-19.2.6.tgz",
      "integrity": "sha512-0prMI+hvBbPjsWnxDLxlCGyM8PN6UuWjEUCYmZhO67xIV9Xasa/r/vDnq+Xyq4Lo27g8QSbO5YzARu0D1Sps3g==",
      "license": "MIT",
      "dependencies": {
        "scheduler": "^0.27.0"
      },
      "peerDependencies": {
        "react": "^19.2.6"
      }
    },
    "node_modules/scheduler": {
      "version": "0.27.0",
      "resolved": "https://registry.npmjs.org/scheduler/-/scheduler-0.27.0.tgz",
      "integrity": "sha512-eNv+WrVbKu1f3vbYJT/xtiF5syA5HPIMtf9IgY/nKg0sWqzAUEvqY/xm7OcZc/qafLx/iO9FgOmeSAp4v5ti/Q==",
      "license": "MIT"
    }
  }
}
