{
  "name": "dual-module-test",
  "version": "1.0.0",
  "lockfileVersion": 3,
  "requires": true,
  "packages": {
    "": {
      "name": "dual-module-test",
      "version": "1.0.0",
      "license": "MIT",
      "dependencies": {
        "@react-spring/web": "*",
        "react": "^19.2.6",
        "react-dom": "19.2.6"
      },
      "devDependencies": {
        "resolve-esm": "2.0.3"
      }
    },
    "node_modules/@react-spring/animated": {
      "version": "10.0.3",
      "resolved": "https://registry.npmjs.org/@react-spring/animated/-/animated-10.0.3.tgz",
      "integrity": "sha512-7MrxADV3vaUADn2V9iYhaIL6iOWRx9nCJjYrsk2AHD2kwPr6fg7Pt0v+deX5RnCDmCKNnD6W5fasiyM8D+wzJQ==",
      "license": "MIT",
      "dependencies": {
        "@react-spring/shared": "~10.0.3",
        "@react-spring/types": "~10.0.3"
      },
      "peerDependencies": {
        "react": "^16.8.0 || ^17.0.0 || ^18.0.0 || ^19.0.0"
      }
    },
    "node_modules/@react-spring/core": {
      "version": "10.0.3",
      "resolved": "https://registry.npmjs.org/@react-spring/core/-/core-10.0.3.tgz",
      "integrity": "sha512-D4DwNO68oohDf/0HG2G0Uragzb9IA1oXblxrd6MZAcBcUQG2EHUWXewjdECMPLNmQvlYVyyBRH6gPxXM5DX7DQ==",
      "license": "MIT",
      "dependencies": {
        "@react-spring/animated": "~10.0.3",
        "@react-spring/shared": "~10.0.3",
        "@react-spring/types": "~10.0.3"
      },
      "funding": {
        "type": "opencollective",
        "url": "https://opencollective.com/react-spring/donate"
      },
      "peerDependencies": {
        "react": "^16.8.0 || ^17.0.0 || ^18.0.0 || ^19.0.0"
      }
    },
    "node_modules/@react-spring/rafz": {
      "version": "10.0.3",
      "resolved": "https://registry.npmjs.org/@react-spring/rafz/-/rafz-10.0.3.tgz",
      "integrity": "sha512-Ri2/xqt8OnQ2iFKkxKMSF4Nqv0LSWnxXT4jXFzBDsHgeeH/cHxTLupAWUwmV9hAGgmEhBmh5aONtj3J6R/18wg==",
      "license": "MIT"
    },
    "node_modules/@react-spring/shared": {
      "version": "10.0.3",
      "resolved": "https://registry.npmjs.org/@react-spring/shared/-/shared-10.0.3.tgz",
      "integrity": "sha512-geCal66nrkaQzUVhPkGomylo+Jpd5VPK8tPMEDevQEfNSWAQP15swHm+MCRG4wVQrQlTi9lOzKzpRoTL3CA84Q==",
      "license": "MIT",
      "dependencies": {
        "@react-spring/rafz": "~10.0.3",
        "@react-spring/types": "~10.0.3"
      },
      "peerDependencies": {
        "react": "^16.8.0 || ^17.0.0 || ^18.0.0 || ^19.0.0"
      }
    },
    "node_modules/@react-spring/types": {
      "version": "10.0.3",
      "resolved": "https://registry.npmjs.org/@react-spring/types/-/types-10.0.3.tgz",
      "integrity": "sha512-H5Ixkd2OuSIgHtxuHLTt7aJYfhMXKXT/rK32HPD/kSrOB6q6ooeiWAXkBy7L8F3ZxdkBb9ini9zP9UwnEFzWgQ==",
      "license": "MIT"
    },
    "node_modules/@react-spring/web": {
      "version": "10.0.3",
      "resolved": "https://registry.npmjs.org/@react-spring/web/-/web-10.0.3.tgz",
      "integrity": "sha512-ndU+kWY81rHsT7gTFtCJ6mrVhaJ6grFmgTnENipzmKqot4HGf5smPNK+cZZJqoGeDsj9ZsiWPW4geT/NyD484A==",
      "license": "MIT",
      "dependencies": {
        "@react-spring/animated": "~10.0.3",
        "@react-spring/core": "~10.0.3",
        "@react-spring/shared": "~10.0.3",
        "@react-spring/types": "~10.0.3"
      },
      "peerDependencies": {
        "react": "^16.8.0 || ^17.0.0 || ^18.0.0 || ^19.0.0",
        "react-dom": "^16.8.0 || ^17.0.0 || ^18.0.0 || ^19.0.0"
      }
    },
    "node_modules/callsites": {
      "version": "4.1.0",
      "resolved": "https://registry.npmjs.org/callsites/-/callsites-4.1.0.tgz",
      "integrity": "sha512-aBMbD1Xxay75ViYezwT40aQONfr+pSXTHwNKvIXhXD6+LY3F1dLIcceoC5OZKBVHbXcysz1hL9D2w0JJIMXpUw==",
      "dev": true,
      "license": "MIT",
      "engines": {
        "node": ">=12.20"
      },
      "funding": {
        "url": "https://github.com/sponsors/sindresorhus"
      }
    },
    "node_modules/react": {
      "version": "19.2.6",
      "resolved": "https://registry.npmjs.org/react/-/react-19.2.6.tgz",
      "integrity": "sha512-sfWGGfavi0xr8Pg0sVsyHMAOziVYKgPLNrS7ig+ivMNb3wbCBw3KxtflsGBAwD3gYQlE/AEZsTLgToRrSCjb0Q==",
      "license": "MIT",
      "engines": {
        "node": ">=0.10.0"
      }
    },
    "node_modules/react-dom": {
      "version": "19.2.6",
      "resolved": "https://registry.npmjs.org/react-dom/-/react-dom-19.2.6.tgz",
      "integrity": "sha512-0prMI+hvBbPjsWnxDLxlCGyM8PN6UuWjEUCYmZhO67xIV9Xasa/r/vDnq+Xyq4Lo27g8QSbO5YzARu0D1Sps3g==",
      "license": "MIT",
      "dependencies": {
        "scheduler": "^0.27.0"
      },
      "peerDependencies": {
        "react": "^19.2.6"
      }
    },
    "node_modules/resolve-esm": {
      "version": "2.0.3",
      "resolved": "https://registry.npmjs.org/resolve-esm/-/resolve-esm-2.0.3.tgz",
      "integrity": "sha512-M1Bqazc53Xy3Sdken2UmlSouyiKaeugDYORcw3khZ4/+wFHCQDEE1clPMeSMd0y9JSUCpUazca5ALXewxZdIbg==",
      "dev": true,
      "license": "MIT",
      "dependencies": {
        "callsites": "~4.1.0"
      },
      "engines": {
        "node": ">=16"
      }
    },
    "node_modules/scheduler": {
      "version": "0.27.0",
      "resolved": "https://registry.npmjs.org/scheduler/-/scheduler-0.27.0.tgz",
      "integrity": "sha512-eNv+WrVbKu1f3vbYJT/xtiF5syA5HPIMtf9IgY/nKg0sWqzAUEvqY/xm7OcZc/qafLx/iO9FgOmeSAp4v5ti/Q==",
      "license": "MIT"
    }
  }
}
