# This file is generated by running "yarn install" inside your project.
# Manual changes might be lost - proceed with caution!

__metadata:
  version: 6
  cacheKey: 8

"@react-spring/animated@npm:~9.7.2":
  version: 9.7.2
  resolution: "@react-spring/animated@npm:9.7.2"
  dependencies:
    "@react-spring/shared": ~9.7.2
    "@react-spring/types": ~9.7.2
  peerDependencies:
    react: ^16.8.0 || ^17.0.0 || ^18.0.0
  checksum: 08f2f1e54468776b2abf76e3c3504129b8d965875781bc1cfd40adddff8f310869ecfb6d18e937df8ed63a01b3d0cb2335fb531be03ddf25f6f58583a91e08e7
  languageName: node
  linkType: hard

"@react-spring/core@npm:~9.7.2":
  version: 9.7.2
  resolution: "@react-spring/core@npm:9.7.2"
  dependencies:
    "@react-spring/animated": ~9.7.2
    "@react-spring/rafz": ~9.7.2
    "@react-spring/shared": ~9.7.2
    "@react-spring/types": ~9.7.2
  peerDependencies:
    react: ^16.8.0 || ^17.0.0 || ^18.0.0
  checksum: 7d14369d6bc3cb4f51bce946a0499484bd03a06b2602edd1f0478806759fd2a5f0800892cdf8d38a3bd4ef949f3c61de65933c46784683ea757f16db710a04fd
  languageName: node
  linkType: hard

"@react-spring/rafz@npm:~9.7.2":
  version: 9.7.2
  resolution: "@react-spring/rafz@npm:9.7.2"
  checksum: 88ad6275ed172745c7cd309e6a06bb52b76b6f391510afcf8ad12d1fc50950e74f902f96bcaae0895ab75e47a1d809d36fe843ce8d3d0d2ea2d6700ff9e03d81
  languageName: node
  linkType: hard

"@react-spring/shared@npm:~9.7.2":
  version: 9.7.2
  resolution: "@react-spring/shared@npm:9.7.2"
  dependencies:
    "@react-spring/rafz": ~9.7.2
    "@react-spring/types": ~9.7.2
  peerDependencies:
    react: ^16.8.0 || ^17.0.0 || ^18.0.0
  checksum: f3041a537dddad63c64e68890f3276b72c4e2d5828621a09dbd722edb7a12edc0026555118f8305b969253f44e409ddd411dd5b99ec4e04edea32bee5e5f57fd
  languageName: node
  linkType: hard

"@react-spring/types@npm:~9.7.2":
  version: 9.7.2
  resolution: "@react-spring/types@npm:9.7.2"
  checksum: 145a79d2f40dfc9f0a4b54db17890c6471b4e50563c01951ca13022977b0d8009865c1839cf07a762fd33ae0b83f2d6972e2d0fe50bd3105942b9cea5253612e
  languageName: node
  linkType: hard

"@react-spring/web@npm:*":
  version: 9.7.2
  resolution: "@react-spring/web@npm:9.7.2"
  dependencies:
    "@react-spring/animated": ~9.7.2
    "@react-spring/core": ~9.7.2
    "@react-spring/shared": ~9.7.2
    "@react-spring/types": ~9.7.2
  peerDependencies:
    react: ^16.8.0 || ^17.0.0 || ^18.0.0
    react-dom: ^16.8.0 || ^17.0.0 || ^18.0.0
  checksum: f872dfd9bbbfc27f32e4406076729a36169e2da3785709fbf981b7d3a77a1a430d7f295b300a9acc8cb4805d0965e6d9a54914a4263abfd96806b7ae53ba69cd
  languageName: node
  linkType: hard

"callsites@npm:~4.1.0":
  version: 4.1.0
  resolution: "callsites@npm:4.1.0"
  checksum: 4ad31de7b7615fa25bdab9c2373865209d2d5190f895cdf2e2f518bd1dafa7ebcda2e6e9cc9640f2dfde6b3893d82fa4359a78ffc27baad2503227553c6882fa
  languageName: node
  linkType: hard

"dual-module-test@workspace:.":
  version: 0.0.0-use.local
  resolution: "dual-module-test@workspace:."
  dependencies:
    "@react-spring/web": "*"
    react: ^19.1.0
    react-dom: 19.1.0
    resolve-esm: 2.0.3
  languageName: unknown
  linkType: soft

"react-dom@npm:19.1.0":
  version: 19.1.0
  resolution: "react-dom@npm:19.1.0"
  dependencies:
    scheduler: ^0.26.0
  peerDependencies:
    react: ^19.1.0
  checksum: 1d154b6543467095ac269e61ca59db546f34ef76bcdeb90f2dad41d682cd210aae492e70c85010ed5d0a2caea225e9a55139ebc1a615ee85bf197d7f99678cdf
  languageName: node
  linkType: hard

"react@npm:^19.1.0":
  version: 19.1.0
  resolution: "react@npm:19.1.0"
  checksum: c0905f8cfb878b0543a5522727e5ed79c67c8111dc16ceee135b7fe19dce77b2c1c19293513061a8934e721292bfc1517e0487e262d1906f306bdf95fa54d02f
  languageName: node
  linkType: hard

"resolve-esm@npm:2.0.3":
  version: 2.0.3
  resolution: "resolve-esm@npm:2.0.3"
  dependencies:
    callsites: ~4.1.0
  checksum: ac8a5ad94055646f791b7a8c6f65c65b18d8cb9b2fd262ccb087158d85e52d45e85e1b80ebc72ed939c5e80e51de676f992ca254a9af502174f3e42fb07df198
  languageName: node
  linkType: hard

"scheduler@npm:^0.26.0":
  version: 0.26.0
  resolution: "scheduler@npm:0.26.0"
  checksum: c63a9f1c0e5089b537231cff6c11f75455b5c8625ae09535c1d7cd0a1b0c77ceecdd9f1074e5e063da5d8dc11e73e8033dcac3361791088be08a6e60c0283ed9
  languageName: node
  linkType: hard
