# This file is generated by running "yarn install" inside your project.
# Manual changes might be lost - proceed with caution!

__metadata:
  version: 6
  cacheKey: 8

"@react-spring/animated@npm:~9.7.2":
  version: 9.7.2
  resolution: "@react-spring/animated@npm:9.7.2"
  dependencies:
    "@react-spring/shared": ~9.7.2
    "@react-spring/types": ~9.7.2
  peerDependencies:
    react: ^16.8.0 || ^17.0.0 || ^18.0.0
  checksum: 08f2f1e54468776b2abf76e3c3504129b8d965875781bc1cfd40adddff8f310869ecfb6d18e937df8ed63a01b3d0cb2335fb531be03ddf25f6f58583a91e08e7
  languageName: node
  linkType: hard

"@react-spring/core@npm:~9.7.2":
  version: 9.7.2
  resolution: "@react-spring/core@npm:9.7.2"
  dependencies:
    "@react-spring/animated": ~9.7.2
    "@react-spring/rafz": ~9.7.2
    "@react-spring/shared": ~9.7.2
    "@react-spring/types": ~9.7.2
  peerDependencies:
    react: ^16.8.0 || ^17.0.0 || ^18.0.0
  checksum: 7d14369d6bc3cb4f51bce946a0499484bd03a06b2602edd1f0478806759fd2a5f0800892cdf8d38a3bd4ef949f3c61de65933c46784683ea757f16db710a04fd
  languageName: node
  linkType: hard

"@react-spring/rafz@npm:~9.7.2":
  version: 9.7.2
  resolution: "@react-spring/rafz@npm:9.7.2"
  checksum: 88ad6275ed172745c7cd309e6a06bb52b76b6f391510afcf8ad12d1fc50950e74f902f96bcaae0895ab75e47a1d809d36fe843ce8d3d0d2ea2d6700ff9e03d81
  languageName: node
  linkType: hard

"@react-spring/shared@npm:~9.7.2":
  version: 9.7.2
  resolution: "@react-spring/shared@npm:9.7.2"
  dependencies:
    "@react-spring/rafz": ~9.7.2
    "@react-spring/types": ~9.7.2
  peerDependencies:
    react: ^16.8.0 || ^17.0.0 || ^18.0.0
  checksum: f3041a537dddad63c64e68890f3276b72c4e2d5828621a09dbd722edb7a12edc0026555118f8305b969253f44e409ddd411dd5b99ec4e04edea32bee5e5f57fd
  languageName: node
  linkType: hard

"@react-spring/types@npm:~9.7.2":
  version: 9.7.2
  resolution: "@react-spring/types@npm:9.7.2"
  checksum: 145a79d2f40dfc9f0a4b54db17890c6471b4e50563c01951ca13022977b0d8009865c1839cf07a762fd33ae0b83f2d6972e2d0fe50bd3105942b9cea5253612e
  languageName: node
  linkType: hard

"@react-spring/web@npm:*":
  version: 9.7.2
  resolution: "@react-spring/web@npm:9.7.2"
  dependencies:
    "@react-spring/animated": ~9.7.2
    "@react-spring/core": ~9.7.2
    "@react-spring/shared": ~9.7.2
    "@react-spring/types": ~9.7.2
  peerDependencies:
    react: ^16.8.0 || ^17.0.0 || ^18.0.0
    react-dom: ^16.8.0 || ^17.0.0 || ^18.0.0
  checksum: f872dfd9bbbfc27f32e4406076729a36169e2da3785709fbf981b7d3a77a1a430d7f295b300a9acc8cb4805d0965e6d9a54914a4263abfd96806b7ae53ba69cd
  languageName: node
  linkType: hard

"callsites@npm:~4.1.0":
  version: 4.1.0
  resolution: "callsites@npm:4.1.0"
  checksum: 4ad31de7b7615fa25bdab9c2373865209d2d5190f895cdf2e2f518bd1dafa7ebcda2e6e9cc9640f2dfde6b3893d82fa4359a78ffc27baad2503227553c6882fa
  languageName: node
  linkType: hard

"dual-module-test@workspace:.":
  version: 0.0.0-use.local
  resolution: "dual-module-test@workspace:."
  dependencies:
    "@react-spring/web": "*"
    react: ^18.2.0
    react-dom: ^18.2.0
    resolve-esm: ^2.0.3
  languageName: unknown
  linkType: soft

"js-tokens@npm:^3.0.0 || ^4.0.0":
  version: 4.0.0
  resolution: "js-tokens@npm:4.0.0"
  checksum: 8a95213a5a77deb6cbe94d86340e8d9ace2b93bc367790b260101d2f36a2eaf4e4e22d9fa9cf459b38af3a32fb4190e638024cf82ec95ef708680e405ea7cc78
  languageName: node
  linkType: hard

"loose-envify@npm:^1.1.0":
  version: 1.4.0
  resolution: "loose-envify@npm:1.4.0"
  dependencies:
    js-tokens: ^3.0.0 || ^4.0.0
  bin:
    loose-envify: cli.js
  checksum: 6517e24e0cad87ec9888f500c5b5947032cdfe6ef65e1c1936a0c48a524b81e65542c9c3edc91c97d5bddc806ee2a985dbc79be89215d613b1de5db6d1cfe6f4
  languageName: node
  linkType: hard

"react-dom@npm:^18.2.0":
  version: 18.2.0
  resolution: "react-dom@npm:18.2.0"
  dependencies:
    loose-envify: ^1.1.0
    scheduler: ^0.23.0
  peerDependencies:
    react: ^18.2.0
  checksum: 7d323310bea3a91be2965f9468d552f201b1c27891e45ddc2d6b8f717680c95a75ae0bc1e3f5cf41472446a2589a75aed4483aee8169287909fcd59ad149e8cc
  languageName: node
  linkType: hard

"react@npm:^18.2.0":
  version: 18.2.0
  resolution: "react@npm:18.2.0"
  dependencies:
    loose-envify: ^1.1.0
  checksum: 88e38092da8839b830cda6feef2e8505dec8ace60579e46aa5490fc3dc9bba0bd50336507dc166f43e3afc1c42939c09fe33b25fae889d6f402721dcd78fca1b
  languageName: node
  linkType: hard

"resolve-esm@npm:^2.0.3":
  version: 2.0.3
  resolution: "resolve-esm@npm:2.0.3"
  dependencies:
    callsites: ~4.1.0
  checksum: ac8a5ad94055646f791b7a8c6f65c65b18d8cb9b2fd262ccb087158d85e52d45e85e1b80ebc72ed939c5e80e51de676f992ca254a9af502174f3e42fb07df198
  languageName: node
  linkType: hard

"scheduler@npm:^0.23.0":
  version: 0.23.0
  resolution: "scheduler@npm:0.23.0"
  dependencies:
    loose-envify: ^1.1.0
  checksum: d79192eeaa12abef860c195ea45d37cbf2bbf5f66e3c4dcd16f54a7da53b17788a70d109ee3d3dde1a0fd50e6a8fc171f4300356c5aee4fc0171de526bf35f8a
  languageName: node
  linkType: hard
